// !$*UTF8*$!
{
	archiveVersion = 1;
	classes = {
	};
	objectVersion = 56;
	objects = {

/* Begin PBXBuildFile section */
		C3D4DF662B78BF0200824E65 /* WatchApp.swift in Sources */ = {isa = PBXBuildFile; fileRef = C3D4DF612B78BF0200824E65 /* WatchApp.swift */; };
		C3D4DF672B78BF0200824E65 /* Assets.xcassets in Resources */ = {isa = PBXBuildFile; fileRef = C3D4DF622B78BF0200824E65 /* Assets.xcassets */; };
		C3D4DF692B78BF0200824E65 /* ContentView.swift in Sources */ = {isa = PBXBuildFile; fileRef = C3D4DF652B78BF0200824E65 /* ContentView.swift */; };
		C3D4DF6D2B78C68600824E65 /* AppCore in Frameworks */ = {isa = PBXBuildFile; productRef = C3D4DF6C2B78C68600824E65 /* AppCore */; };
		C3D4DF6F2B78C68900824E65 /* AppUI in Frameworks */ = {isa = PBXBuildFile; productRef = C3D4DF6E2B78C68900824E65 /* AppUI */; };
		C3D4DF712B78C69200824E65 /* AppCore in Frameworks */ = {isa = PBXBuildFile; productRef = C3D4DF702B78C69200824E65 /* AppCore */; };
		C3D4DF732B78C69200824E65 /* AppUI in Frameworks */ = {isa = PBXBuildFile; productRef = C3D4DF722B78C69200824E65 /* AppUI */; };
		C3D4DF752B78C69D00824E65 /* AppCore in Frameworks */ = {isa = PBXBuildFile; productRef = C3D4DF742B78C69D00824E65 /* AppCore */; };
		C3D4DF772B78C69D00824E65 /* AppUI in Frameworks */ = {isa = PBXBuildFile; productRef = C3D4DF762B78C69D00824E65 /* AppUI */; };
		C3D4DF792B78C6A300824E65 /* AppCore in Frameworks */ = {isa = PBXBuildFile; productRef = C3D4DF782B78C6A300824E65 /* AppCore */; };
		C3D4DF7B2B78C6A300824E65 /* AppUI in Frameworks */ = {isa = PBXBuildFile; productRef = C3D4DF7A2B78C6A300824E65 /* AppUI */; };
		C3D4DF7D2B78C6AA00824E65 /* AppCore in Frameworks */ = {isa = PBXBuildFile; productRef = C3D4DF7C2B78C6AA00824E65 /* AppCore */; };
		C3D4DF7F2B78C6AA00824E65 /* AppUI in Frameworks */ = {isa = PBXBuildFile; productRef = C3D4DF7E2B78C6AA00824E65 /* AppUI */; };
		C3D4DF812B78C6B100824E65 /* AppCore in Frameworks */ = {isa = PBXBuildFile; productRef = C3D4DF802B78C6B100824E65 /* AppCore */; };
		C3D4DF832B78C6B100824E65 /* AppUI in Frameworks */ = {isa = PBXBuildFile; productRef = C3D4DF822B78C6B100824E65 /* AppUI */; };
		C3DC6EB62B78B76000E1968B /* MacApp.swift in Sources */ = {isa = PBXBuildFile; fileRef = C3DC6EB52B78B76000E1968B /* MacApp.swift */; };
		C3DC6EB82B78B76000E1968B /* ContentView.swift in Sources */ = {isa = PBXBuildFile; fileRef = C3DC6EB72B78B76000E1968B /* ContentView.swift */; };
		C3DC6EBA2B78B76100E1968B /* Assets.xcassets in Resources */ = {isa = PBXBuildFile; fileRef = C3DC6EB92B78B76100E1968B /* Assets.xcassets */; };
		C3DC6EC92B78B86300E1968B /* TVApp.swift in Sources */ = {isa = PBXBuildFile; fileRef = C3DC6EC82B78B86300E1968B /* TVApp.swift */; };
		C3DC6ECB2B78B86300E1968B /* ContentView.swift in Sources */ = {isa = PBXBuildFile; fileRef = C3DC6ECA2B78B86300E1968B /* ContentView.swift */; };
		C3DC6ECD2B78B86400E1968B /* Assets.xcassets in Resources */ = {isa = PBXBuildFile; fileRef = C3DC6ECC2B78B86400E1968B /* Assets.xcassets */; };
		C3DC6EDB2B78B8E800E1968B /* PhoneApp.swift in Sources */ = {isa = PBXBuildFile; fileRef = C3DC6EDA2B78B8E800E1968B /* PhoneApp.swift */; };
		C3DC6EDD2B78B8E800E1968B /* ContentView.swift in Sources */ = {isa = PBXBuildFile; fileRef = C3DC6EDC2B78B8E800E1968B /* ContentView.swift */; };
		C3DC6EDF2B78B8E900E1968B /* Assets.xcassets in Resources */ = {isa = PBXBuildFile; fileRef = C3DC6EDE2B78B8E900E1968B /* Assets.xcassets */; };
		C3E08D322B78B9DF00659303 /* Assets.xcassets in Resources */ = {isa = PBXBuildFile; fileRef = C3E08D2D2B78B9DF00659303 /* Assets.xcassets */; };
		C3E08D342B78B9DF00659303 /* PadApp.swift in Sources */ = {isa = PBXBuildFile; fileRef = C3E08D302B78B9DF00659303 /* PadApp.swift */; };
		C3E08D352B78B9DF00659303 /* ContentView.swift in Sources */ = {isa = PBXBuildFile; fileRef = C3E08D312B78B9DF00659303 /* ContentView.swift */; };
		C3E08D422B78BA6A00659303 /* VisionApp.swift in Sources */ = {isa = PBXBuildFile; fileRef = C3E08D412B78BA6A00659303 /* VisionApp.swift */; };
		C3E08D442B78BA6A00659303 /* ContentView.swift in Sources */ = {isa = PBXBuildFile; fileRef = C3E08D432B78BA6A00659303 /* ContentView.swift */; };
		C3E08D462B78BA6B00659303 /* Assets.xcassets in Resources */ = {isa = PBXBuildFile; fileRef = C3E08D452B78BA6B00659303 /* Assets.xcassets */; };
		C3E08D692B78BEA800659303 /* watchOS.app in Embed Watch Content */ = {isa = PBXBuildFile; fileRef = C3E08D5C2B78BEA700659303 /* watchOS.app */; settings = {ATTRIBUTES = (RemoveHeadersOnCopy, ); }; };
/* End PBXBuildFile section */

/* Begin PBXContainerItemProxy section */
		C3E08D672B78BEA800659303 /* PBXContainerItemProxy */ = {
			isa = PBXContainerItemProxy;
			containerPortal = C3F0AC442B2EE3A900D2165B /* Project object */;
			proxyType = 1;
			remoteGlobalIDString = C3E08D5B2B78BEA700659303;
			remoteInfo = "watchOS Watch App";
		};
/* End PBXContainerItemProxy section */

/* Begin PBXCopyFilesBuildPhase section */
		C3E08D6D2B78BEA800659303 /* Embed Watch Content */ = {
			isa = PBXCopyFilesBuildPhase;
			buildActionMask = 2147483647;
			dstPath = "$(CONTENTS_FOLDER_PATH)/Watch";
			dstSubfolderSpec = 16;
			files = (
				C3E08D692B78BEA800659303 /* watchOS.app in Embed Watch Content */,
			);
			name = "Embed Watch Content";
			runOnlyForDeploymentPostprocessing = 0;
		};
/* End PBXCopyFilesBuildPhase section */

/* Begin PBXFileReference section */
		C3CAD57F2B78C8CA00C7344D /* AppTests.xctestplan */ = {isa = PBXFileReference; lastKnownFileType = text; path = AppTests.xctestplan; sourceTree = "<group>"; };
		C3D2A16C2B6E32340059EADC /* AppPackage */ = {isa = PBXFileReference; lastKnownFileType = wrapper; name = AppPackage; path = ..; sourceTree = "<group>"; };
		C3D4DF612B78BF0200824E65 /* WatchApp.swift */ = {isa = PBXFileReference; fileEncoding = 4; lastKnownFileType = sourcecode.swift; path = WatchApp.swift; sourceTree = "<group>"; };
		C3D4DF622B78BF0200824E65 /* Assets.xcassets */ = {isa = PBXFileReference; lastKnownFileType = folder.assetcatalog; path = Assets.xcassets; sourceTree = "<group>"; };
		C3D4DF652B78BF0200824E65 /* ContentView.swift */ = {isa = PBXFileReference; fileEncoding = 4; lastKnownFileType = sourcecode.swift; path = ContentView.swift; sourceTree = "<group>"; };
		C3DC6EB32B78B76000E1968B /* macOS.app */ = {isa = PBXFileReference; explicitFileType = wrapper.application; includeInIndex = 0; path = macOS.app; sourceTree = BUILT_PRODUCTS_DIR; };
		C3DC6EB52B78B76000E1968B /* MacApp.swift */ = {isa = PBXFileReference; lastKnownFileType = sourcecode.swift; path = MacApp.swift; sourceTree = "<group>"; };
		C3DC6EB72B78B76000E1968B /* ContentView.swift */ = {isa = PBXFileReference; lastKnownFileType = sourcecode.swift; path = ContentView.swift; sourceTree = "<group>"; };
		C3DC6EB92B78B76100E1968B /* Assets.xcassets */ = {isa = PBXFileReference; lastKnownFileType = folder.assetcatalog; path = Assets.xcassets; sourceTree = "<group>"; };
		C3DC6EC62B78B86300E1968B /* tvOS.app */ = {isa = PBXFileReference; explicitFileType = wrapper.application; includeInIndex = 0; path = tvOS.app; sourceTree = BUILT_PRODUCTS_DIR; };
		C3DC6EC82B78B86300E1968B /* TVApp.swift */ = {isa = PBXFileReference; lastKnownFileType = sourcecode.swift; path = TVApp.swift; sourceTree = "<group>"; };
		C3DC6ECA2B78B86300E1968B /* ContentView.swift */ = {isa = PBXFileReference; lastKnownFileType = sourcecode.swift; path = ContentView.swift; sourceTree = "<group>"; };
		C3DC6ECC2B78B86400E1968B /* Assets.xcassets */ = {isa = PBXFileReference; lastKnownFileType = folder.assetcatalog; path = Assets.xcassets; sourceTree = "<group>"; };
		C3DC6ED82B78B8E800E1968B /* iOS.app */ = {isa = PBXFileReference; explicitFileType = wrapper.application; includeInIndex = 0; path = iOS.app; sourceTree = BUILT_PRODUCTS_DIR; };
		C3DC6EDA2B78B8E800E1968B /* PhoneApp.swift */ = {isa = PBXFileReference; lastKnownFileType = sourcecode.swift; path = PhoneApp.swift; sourceTree = "<group>"; };
		C3DC6EDC2B78B8E800E1968B /* ContentView.swift */ = {isa = PBXFileReference; lastKnownFileType = sourcecode.swift; path = ContentView.swift; sourceTree = "<group>"; };
		C3DC6EDE2B78B8E900E1968B /* Assets.xcassets */ = {isa = PBXFileReference; lastKnownFileType = folder.assetcatalog; path = Assets.xcassets; sourceTree = "<group>"; };
		C3DC6EEA2B78B9A200E1968B /* iPadOS.app */ = {isa = PBXFileReference; explicitFileType = wrapper.application; includeInIndex = 0; path = iPadOS.app; sourceTree = BUILT_PRODUCTS_DIR; };
		C3E08D2D2B78B9DF00659303 /* Assets.xcassets */ = {isa = PBXFileReference; lastKnownFileType = folder.assetcatalog; path = Assets.xcassets; sourceTree = "<group>"; };
		C3E08D302B78B9DF00659303 /* PadApp.swift */ = {isa = PBXFileReference; fileEncoding = 4; lastKnownFileType = sourcecode.swift; path = PadApp.swift; sourceTree = "<group>"; };
		C3E08D312B78B9DF00659303 /* ContentView.swift */ = {isa = PBXFileReference; fileEncoding = 4; lastKnownFileType = sourcecode.swift; path = ContentView.swift; sourceTree = "<group>"; };
		C3E08D3B2B78BA6A00659303 /* visionOS.app */ = {isa = PBXFileReference; explicitFileType = wrapper.application; includeInIndex = 0; path = visionOS.app; sourceTree = BUILT_PRODUCTS_DIR; };
		C3E08D412B78BA6A00659303 /* VisionApp.swift */ = {isa = PBXFileReference; lastKnownFileType = sourcecode.swift; path = VisionApp.swift; sourceTree = "<group>"; };
		C3E08D432B78BA6A00659303 /* ContentView.swift */ = {isa = PBXFileReference; lastKnownFileType = sourcecode.swift; path = ContentView.swift; sourceTree = "<group>"; };
		C3E08D452B78BA6B00659303 /* Assets.xcassets */ = {isa = PBXFileReference; lastKnownFileType = folder.assetcatalog; path = Assets.xcassets; sourceTree = "<group>"; };
		C3E08D5C2B78BEA700659303 /* watchOS.app */ = {isa = PBXFileReference; explicitFileType = wrapper.application; includeInIndex = 0; path = watchOS.app; sourceTree = BUILT_PRODUCTS_DIR; };
/* End PBXFileReference section */

/* Begin PBXFrameworksBuildPhase section */
		C3DC6EB02B78B76000E1968B /* Frameworks */ = {
			isa = PBXFrameworksBuildPhase;
			buildActionMask = 2147483647;
			files = (
				C3D4DF772B78C69D00824E65 /* AppUI in Frameworks */,
				C3D4DF752B78C69D00824E65 /* AppCore in Frameworks */,
			);
			runOnlyForDeploymentPostprocessing = 0;
		};
		C3DC6EC32B78B86300E1968B /* Frameworks */ = {
			isa = PBXFrameworksBuildPhase;
			buildActionMask = 2147483647;
			files = (
				C3D4DF7B2B78C6A300824E65 /* AppUI in Frameworks */,
				C3D4DF792B78C6A300824E65 /* AppCore in Frameworks */,
			);
			runOnlyForDeploymentPostprocessing = 0;
		};
		C3DC6ED52B78B8E800E1968B /* Frameworks */ = {
			isa = PBXFrameworksBuildPhase;
			buildActionMask = 2147483647;
			files = (
				C3D4DF6F2B78C68900824E65 /* AppUI in Frameworks */,
				C3D4DF6D2B78C68600824E65 /* AppCore in Frameworks */,
			);
			runOnlyForDeploymentPostprocessing = 0;
		};
		C3DC6EE72B78B9A200E1968B /* Frameworks */ = {
			isa = PBXFrameworksBuildPhase;
			buildActionMask = 2147483647;
			files = (
				C3D4DF732B78C69200824E65 /* AppUI in Frameworks */,
				C3D4DF712B78C69200824E65 /* AppCore in Frameworks */,
			);
			runOnlyForDeploymentPostprocessing = 0;
		};
		C3E08D382B78BA6A00659303 /* Frameworks */ = {
			isa = PBXFrameworksBuildPhase;
			buildActionMask = 2147483647;
			files = (
				C3D4DF7F2B78C6AA00824E65 /* AppUI in Frameworks */,
				C3D4DF7D2B78C6AA00824E65 /* AppCore in Frameworks */,
			);
			runOnlyForDeploymentPostprocessing = 0;
		};
		C3E08D592B78BEA700659303 /* Frameworks */ = {
			isa = PBXFrameworksBuildPhase;
			buildActionMask = 2147483647;
			files = (
				C3D4DF832B78C6B100824E65 /* AppUI in Frameworks */,
				C3D4DF812B78C6B100824E65 /* AppCore in Frameworks */,
			);
			runOnlyForDeploymentPostprocessing = 0;
		};
/* End PBXFrameworksBuildPhase section */

/* Begin PBXGroup section */
		C3100B852B396A0600CD640B /* Platforms */ = {
			isa = PBXGroup;
			children = (
				C3DC6ED92B78B8E800E1968B /* iOS */,
				C3E08D2C2B78B9DF00659303 /* iPadOS */,
				C3DC6EB42B78B76000E1968B /* macOS */,
				C3DC6EC72B78B86300E1968B /* tvOS */,
				C3E08D3C2B78BA6A00659303 /* visionOS */,
				C3D4DF602B78BF0200824E65 /* watchOS */,
			);
			path = Platforms;
			sourceTree = "<group>";
		};
		C3CAD57E2B78C8A000C7344D /* TestPlans */ = {
			isa = PBXGroup;
			children = (
				C3CAD57F2B78C8CA00C7344D /* AppTests.xctestplan */,
			);
			path = TestPlans;
			sourceTree = "<group>";
		};
		C3D2A16D2B6E32BD0059EADC /* Frameworks */ = {
			isa = PBXGroup;
			children = (
			);
			name = Frameworks;
			sourceTree = "<group>";
		};
		C3D4DF602B78BF0200824E65 /* watchOS */ = {
			isa = PBXGroup;
			children = (
				C3D4DF652B78BF0200824E65 /* ContentView.swift */,
				C3D4DF612B78BF0200824E65 /* WatchApp.swift */,
				C3D4DF622B78BF0200824E65 /* Assets.xcassets */,
			);
			name = watchOS;
			path = Platforms/watchOS;
			sourceTree = SOURCE_ROOT;
		};
		C3DC6EB42B78B76000E1968B /* macOS */ = {
			isa = PBXGroup;
			children = (
				C3DC6EB72B78B76000E1968B /* ContentView.swift */,
				C3DC6EB52B78B76000E1968B /* MacApp.swift */,
				C3DC6EB92B78B76100E1968B /* Assets.xcassets */,
			);
			path = macOS;
			sourceTree = "<group>";
		};
		C3DC6EC72B78B86300E1968B /* tvOS */ = {
			isa = PBXGroup;
			children = (
				C3DC6ECA2B78B86300E1968B /* ContentView.swift */,
				C3DC6EC82B78B86300E1968B /* TVApp.swift */,
				C3DC6ECC2B78B86400E1968B /* Assets.xcassets */,
			);
			path = tvOS;
			sourceTree = "<group>";
		};
		C3DC6ED92B78B8E800E1968B /* iOS */ = {
			isa = PBXGroup;
			children = (
				C3DC6EDC2B78B8E800E1968B /* ContentView.swift */,
				C3DC6EDA2B78B8E800E1968B /* PhoneApp.swift */,
				C3DC6EDE2B78B8E900E1968B /* Assets.xcassets */,
			);
			path = iOS;
			sourceTree = "<group>";
		};
		C3E08D2C2B78B9DF00659303 /* iPadOS */ = {
			isa = PBXGroup;
			children = (
				C3E08D312B78B9DF00659303 /* ContentView.swift */,
				C3E08D302B78B9DF00659303 /* PadApp.swift */,
				C3E08D2D2B78B9DF00659303 /* Assets.xcassets */,
			);
			path = iPadOS;
			sourceTree = "<group>";
		};
		C3E08D3C2B78BA6A00659303 /* visionOS */ = {
			isa = PBXGroup;
			children = (
				C3E08D432B78BA6A00659303 /* ContentView.swift */,
				C3E08D412B78BA6A00659303 /* VisionApp.swift */,
				C3E08D452B78BA6B00659303 /* Assets.xcassets */,
			);
			path = visionOS;
			sourceTree = "<group>";
		};
		C3F0AC432B2EE3A900D2165B = {
			isa = PBXGroup;
			children = (
				C3D2A16C2B6E32340059EADC /* AppPackage */,
				C3100B852B396A0600CD640B /* Platforms */,
				C3CAD57E2B78C8A000C7344D /* TestPlans */,
				C3F0AC4D2B2EE3A900D2165B /* Products */,
				C3D2A16D2B6E32BD0059EADC /* Frameworks */,
			);
			sourceTree = "<group>";
		};
		C3F0AC4D2B2EE3A900D2165B /* Products */ = {
			isa = PBXGroup;
			children = (
				C3DC6EB32B78B76000E1968B /* macOS.app */,
				C3DC6EC62B78B86300E1968B /* tvOS.app */,
				C3DC6ED82B78B8E800E1968B /* iOS.app */,
				C3DC6EEA2B78B9A200E1968B /* iPadOS.app */,
				C3E08D3B2B78BA6A00659303 /* visionOS.app */,
				C3E08D5C2B78BEA700659303 /* watchOS.app */,
			);
			name = Products;
			sourceTree = "<group>";
		};
/* End PBXGroup section */

/* Begin PBXNativeTarget section */
		C3DC6EB22B78B76000E1968B /* macOS */ = {
			isa = PBXNativeTarget;
			buildConfigurationList = C3DC6EC12B78B76100E1968B /* Build configuration list for PBXNativeTarget "macOS" */;
			buildPhases = (
				C3DC6EAF2B78B76000E1968B /* Sources */,
				C3DC6EB02B78B76000E1968B /* Frameworks */,
				C3DC6EB12B78B76000E1968B /* Resources */,
			);
			buildRules = (
			);
			dependencies = (
			);
			name = macOS;
			packageProductDependencies = (
				C3D4DF742B78C69D00824E65 /* AppCore */,
				C3D4DF762B78C69D00824E65 /* AppUI */,
			);
			productName = macOS;
			productReference = C3DC6EB32B78B76000E1968B /* macOS.app */;
			productType = "com.apple.product-type.application";
		};
		C3DC6EC52B78B86300E1968B /* tvOS */ = {
			isa = PBXNativeTarget;
			buildConfigurationList = C3DC6ED12B78B86400E1968B /* Build configuration list for PBXNativeTarget "tvOS" */;
			buildPhases = (
				C3DC6EC22B78B86300E1968B /* Sources */,
				C3DC6EC32B78B86300E1968B /* Frameworks */,
				C3DC6EC42B78B86300E1968B /* Resources */,
			);
			buildRules = (
			);
			dependencies = (
			);
			name = tvOS;
			packageProductDependencies = (
				C3D4DF782B78C6A300824E65 /* AppCore */,
				C3D4DF7A2B78C6A300824E65 /* AppUI */,
			);
			productName = tvOS;
			productReference = C3DC6EC62B78B86300E1968B /* tvOS.app */;
			productType = "com.apple.product-type.application";
		};
		C3DC6ED72B78B8E800E1968B /* iOS */ = {
			isa = PBXNativeTarget;
			buildConfigurationList = C3DC6EE32B78B8E900E1968B /* Build configuration list for PBXNativeTarget "iOS" */;
			buildPhases = (
				C3DC6ED42B78B8E800E1968B /* Sources */,
				C3DC6ED52B78B8E800E1968B /* Frameworks */,
				C3DC6ED62B78B8E800E1968B /* Resources */,
				C3E08D6D2B78BEA800659303 /* Embed Watch Content */,
			);
			buildRules = (
			);
			dependencies = (
				C3E08D682B78BEA800659303 /* PBXTargetDependency */,
			);
			name = iOS;
			packageProductDependencies = (
				C3D4DF6C2B78C68600824E65 /* AppCore */,
				C3D4DF6E2B78C68900824E65 /* AppUI */,
			);
			productName = iOS;
			productReference = C3DC6ED82B78B8E800E1968B /* iOS.app */;
			productType = "com.apple.product-type.application";
		};
		C3DC6EE92B78B9A200E1968B /* iPadOS */ = {
			isa = PBXNativeTarget;
			buildConfigurationList = C3DC6EF52B78B9A400E1968B /* Build configuration list for PBXNativeTarget "iPadOS" */;
			buildPhases = (
				C3DC6EE62B78B9A200E1968B /* Sources */,
				C3DC6EE72B78B9A200E1968B /* Frameworks */,
				C3DC6EE82B78B9A200E1968B /* Resources */,
			);
			buildRules = (
			);
			dependencies = (
			);
			name = iPadOS;
			packageProductDependencies = (
				C3D4DF702B78C69200824E65 /* AppCore */,
				C3D4DF722B78C69200824E65 /* AppUI */,
			);
			productName = iPadOS;
			productReference = C3DC6EEA2B78B9A200E1968B /* iPadOS.app */;
			productType = "com.apple.product-type.application";
		};
		C3E08D3A2B78BA6A00659303 /* visionOS */ = {
			isa = PBXNativeTarget;
			buildConfigurationList = C3E08D4B2B78BA6B00659303 /* Build configuration list for PBXNativeTarget "visionOS" */;
			buildPhases = (
				C3E08D372B78BA6A00659303 /* Sources */,
				C3E08D382B78BA6A00659303 /* Frameworks */,
				C3E08D392B78BA6A00659303 /* Resources */,
			);
			buildRules = (
			);
			dependencies = (
			);
			name = visionOS;
			packageProductDependencies = (
				C3D4DF7C2B78C6AA00824E65 /* AppCore */,
				C3D4DF7E2B78C6AA00824E65 /* AppUI */,
			);
			productName = visionOS;
			productReference = C3E08D3B2B78BA6A00659303 /* visionOS.app */;
			productType = "com.apple.product-type.application";
		};
		C3E08D5B2B78BEA700659303 /* watchOS */ = {
			isa = PBXNativeTarget;
			buildConfigurationList = C3E08D6A2B78BEA800659303 /* Build configuration list for PBXNativeTarget "watchOS" */;
			buildPhases = (
				C3E08D582B78BEA700659303 /* Sources */,
				C3E08D592B78BEA700659303 /* Frameworks */,
				C3E08D5A2B78BEA700659303 /* Resources */,
			);
			buildRules = (
			);
			dependencies = (
			);
			name = watchOS;
			packageProductDependencies = (
				C3D4DF802B78C6B100824E65 /* AppCore */,
				C3D4DF822B78C6B100824E65 /* AppUI */,
			);
			productName = "watchOS Watch App";
			productReference = C3E08D5C2B78BEA700659303 /* watchOS.app */;
			productType = "com.apple.product-type.application";
		};
/* End PBXNativeTarget section */

/* Begin PBXProject section */
		C3F0AC442B2EE3A900D2165B /* Project object */ = {
			isa = PBXProject;
			attributes = {
				BuildIndependentTargetsInParallel = 1;
				LastSwiftUpdateCheck = 1520;
				LastUpgradeCheck = 1520;
				TargetAttributes = {
					C3DC6EB22B78B76000E1968B = {
						CreatedOnToolsVersion = 15.2;
					};
					C3DC6EC52B78B86300E1968B = {
						CreatedOnToolsVersion = 15.2;
					};
					C3DC6ED72B78B8E800E1968B = {
						CreatedOnToolsVersion = 15.2;
					};
					C3DC6EE92B78B9A200E1968B = {
						CreatedOnToolsVersion = 15.2;
					};
					C3E08D3A2B78BA6A00659303 = {
						CreatedOnToolsVersion = 15.2;
					};
					C3E08D5B2B78BEA700659303 = {
						CreatedOnToolsVersion = 15.2;
					};
				};
			};
			buildConfigurationList = C3F0AC472B2EE3A900D2165B /* Build configuration list for PBXProject "AppProject" */;
			compatibilityVersion = "Xcode 14.0";
			developmentRegion = en;
			hasScannedForEncodings = 0;
			knownRegions = (
				en,
				Base,
			);
			mainGroup = C3F0AC432B2EE3A900D2165B;
			productRefGroup = C3F0AC4D2B2EE3A900D2165B /* Products */;
			projectDirPath = "";
			projectRoot = "";
			targets = (
				C3DC6ED72B78B8E800E1968B /* iOS */,
				C3DC6EE92B78B9A200E1968B /* iPadOS */,
				C3DC6EB22B78B76000E1968B /* macOS */,
				C3DC6EC52B78B86300E1968B /* tvOS */,
				C3E08D3A2B78BA6A00659303 /* visionOS */,
				C3E08D5B2B78BEA700659303 /* watchOS */,
			);
		};
/* End PBXProject section */

/* Begin PBXResourcesBuildPhase section */
		C3DC6EB12B78B76000E1968B /* Resources */ = {
			isa = PBXResourcesBuildPhase;
			buildActionMask = 2147483647;
			files = (
				C3DC6EBA2B78B76100E1968B /* Assets.xcassets in Resources */,
			);
			runOnlyForDeploymentPostprocessing = 0;
		};
		C3DC6EC42B78B86300E1968B /* Resources */ = {
			isa = PBXResourcesBuildPhase;
			buildActionMask = 2147483647;
			files = (
				C3DC6ECD2B78B86400E1968B /* Assets.xcassets in Resources */,
			);
			runOnlyForDeploymentPostprocessing = 0;
		};
		C3DC6ED62B78B8E800E1968B /* Resources */ = {
			isa = PBXResourcesBuildPhase;
			buildActionMask = 2147483647;
			files = (
				C3DC6EDF2B78B8E900E1968B /* Assets.xcassets in Resources */,
			);
			runOnlyForDeploymentPostprocessing = 0;
		};
		C3DC6EE82B78B9A200E1968B /* Resources */ = {
			isa = PBXResourcesBuildPhase;
			buildActionMask = 2147483647;
			files = (
				C3E08D322B78B9DF00659303 /* Assets.xcassets in Resources */,
			);
			runOnlyForDeploymentPostprocessing = 0;
		};
		C3E08D392B78BA6A00659303 /* Resources */ = {
			isa = PBXResourcesBuildPhase;
			buildActionMask = 2147483647;
			files = (
				C3E08D462B78BA6B00659303 /* Assets.xcassets in Resources */,
			);
			runOnlyForDeploymentPostprocessing = 0;
		};
		C3E08D5A2B78BEA700659303 /* Resources */ = {
			isa = PBXResourcesBuildPhase;
			buildActionMask = 2147483647;
			files = (
				C3D4DF672B78BF0200824E65 /* Assets.xcassets in Resources */,
			);
			runOnlyForDeploymentPostprocessing = 0;
		};
/* End PBXResourcesBuildPhase section */

/* Begin PBXSourcesBuildPhase section */
		C3DC6EAF2B78B76000E1968B /* Sources */ = {
			isa = PBXSourcesBuildPhase;
			buildActionMask = 2147483647;
			files = (
				C3DC6EB82B78B76000E1968B /* ContentView.swift in Sources */,
				C3DC6EB62B78B76000E1968B /* MacApp.swift in Sources */,
			);
			runOnlyForDeploymentPostprocessing = 0;
		};
		C3DC6EC22B78B86300E1968B /* Sources */ = {
			isa = PBXSourcesBuildPhase;
			buildActionMask = 2147483647;
			files = (
				C3DC6ECB2B78B86300E1968B /* ContentView.swift in Sources */,
				C3DC6EC92B78B86300E1968B /* TVApp.swift in Sources */,
			);
			runOnlyForDeploymentPostprocessing = 0;
		};
		C3DC6ED42B78B8E800E1968B /* Sources */ = {
			isa = PBXSourcesBuildPhase;
			buildActionMask = 2147483647;
			files = (
				C3DC6EDD2B78B8E800E1968B /* ContentView.swift in Sources */,
				C3DC6EDB2B78B8E800E1968B /* PhoneApp.swift in Sources */,
			);
			runOnlyForDeploymentPostprocessing = 0;
		};
		C3DC6EE62B78B9A200E1968B /* Sources */ = {
			isa = PBXSourcesBuildPhase;
			buildActionMask = 2147483647;
			files = (
				C3E08D352B78B9DF00659303 /* ContentView.swift in Sources */,
				C3E08D342B78B9DF00659303 /* PadApp.swift in Sources */,
			);
			runOnlyForDeploymentPostprocessing = 0;
		};
		C3E08D372B78BA6A00659303 /* Sources */ = {
			isa = PBXSourcesBuildPhase;
			buildActionMask = 2147483647;
			files = (
				C3E08D442B78BA6A00659303 /* ContentView.swift in Sources */,
				C3E08D422B78BA6A00659303 /* VisionApp.swift in Sources */,
			);
			runOnlyForDeploymentPostprocessing = 0;
		};
		C3E08D582B78BEA700659303 /* Sources */ = {
			isa = PBXSourcesBuildPhase;
			buildActionMask = 2147483647;
			files = (
				C3D4DF692B78BF0200824E65 /* ContentView.swift in Sources */,
				C3D4DF662B78BF0200824E65 /* WatchApp.swift in Sources */,
			);
			runOnlyForDeploymentPostprocessing = 0;
		};
/* End PBXSourcesBuildPhase section */

/* Begin PBXTargetDependency section */
		C3E08D682B78BEA800659303 /* PBXTargetDependency */ = {
			isa = PBXTargetDependency;
			target = C3E08D5B2B78BEA700659303 /* watchOS */;
			targetProxy = C3E08D672B78BEA800659303 /* PBXContainerItemProxy */;
		};
/* End PBXTargetDependency section */

/* Begin XCBuildConfiguration section */
		C3DC6EBF2B78B76100E1968B /* Debug */ = {
			isa = XCBuildConfiguration;
			buildSettings = {
				ASSETCATALOG_COMPILER_APPICON_NAME = AppIcon;
				ASSETCATALOG_COMPILER_GLOBAL_ACCENT_COLOR_NAME = AccentColor;
				CODE_SIGN_ENTITLEMENTS = "";
				CODE_SIGN_STYLE = Automatic;
				COMBINE_HIDPI_IMAGES = YES;
				CURRENT_PROJECT_VERSION = 1;
				DEAD_CODE_STRIPPING = YES;
				DEVELOPMENT_ASSET_PATHS = "";
				DEVELOPMENT_TEAM = T42V7M748Y;
				ENABLE_HARDENED_RUNTIME = YES;
				ENABLE_PREVIEWS = YES;
				GENERATE_INFOPLIST_FILE = YES;
				INFOPLIST_KEY_NSHumanReadableCopyright = "";
				LD_RUNPATH_SEARCH_PATHS = (
					"$(inherited)",
					"@executable_path/../Frameworks",
				);
				MACOSX_DEPLOYMENT_TARGET = 12.0;
				MARKETING_VERSION = 1.0;
				PRODUCT_BUNDLE_IDENTIFIER = com.devyeom.app.macOS;
				PRODUCT_NAME = "$(TARGET_NAME)";
				SDKROOT = macosx;
				SWIFT_EMIT_LOC_STRINGS = YES;
				SWIFT_VERSION = 5.0;
			};
			name = Debug;
		};
		C3DC6EC02B78B76100E1968B /* Release */ = {
			isa = XCBuildConfiguration;
			buildSettings = {
				ASSETCATALOG_COMPILER_APPICON_NAME = AppIcon;
				ASSETCATALOG_COMPILER_GLOBAL_ACCENT_COLOR_NAME = AccentColor;
				CODE_SIGN_ENTITLEMENTS = "";
				CODE_SIGN_STYLE = Automatic;
				COMBINE_HIDPI_IMAGES = YES;
				CURRENT_PROJECT_VERSION = 1;
				DEAD_CODE_STRIPPING = YES;
				DEVELOPMENT_ASSET_PATHS = "";
				DEVELOPMENT_TEAM = T42V7M748Y;
				ENABLE_HARDENED_RUNTIME = YES;
				ENABLE_PREVIEWS = YES;
				GENERATE_INFOPLIST_FILE = YES;
				INFOPLIST_KEY_NSHumanReadableCopyright = "";
				LD_RUNPATH_SEARCH_PATHS = (
					"$(inherited)",
					"@executable_path/../Frameworks",
				);
				MACOSX_DEPLOYMENT_TARGET = 12.0;
				MARKETING_VERSION = 1.0;
				PRODUCT_BUNDLE_IDENTIFIER = com.devyeom.app.macOS;
				PRODUCT_NAME = "$(TARGET_NAME)";
				SDKROOT = macosx;
				SWIFT_EMIT_LOC_STRINGS = YES;
				SWIFT_VERSION = 5.0;
			};
			name = Release;
		};
		C3DC6ED22B78B86400E1968B /* Debug */ = {
			isa = XCBuildConfiguration;
			buildSettings = {
				ASSETCATALOG_COMPILER_APPICON_NAME = "App Icon & Top Shelf Image";
				ASSETCATALOG_COMPILER_GLOBAL_ACCENT_COLOR_NAME = AccentColor;
				CODE_SIGN_STYLE = Automatic;
				CURRENT_PROJECT_VERSION = 1;
				DEVELOPMENT_ASSET_PATHS = "";
				DEVELOPMENT_TEAM = T42V7M748Y;
				ENABLE_PREVIEWS = YES;
				GENERATE_INFOPLIST_FILE = YES;
				INFOPLIST_KEY_UILaunchScreen_Generation = YES;
				INFOPLIST_KEY_UIUserInterfaceStyle = Automatic;
				LD_RUNPATH_SEARCH_PATHS = (
					"$(inherited)",
					"@executable_path/Frameworks",
				);
				MARKETING_VERSION = 1.0;
				PRODUCT_BUNDLE_IDENTIFIER = com.devyeom.app.tvOS;
				PRODUCT_NAME = "$(TARGET_NAME)";
				SDKROOT = appletvos;
				SWIFT_EMIT_LOC_STRINGS = YES;
				SWIFT_VERSION = 5.0;
				TARGETED_DEVICE_FAMILY = 3;
				TVOS_DEPLOYMENT_TARGET = 15.0;
			};
			name = Debug;
		};
		C3DC6ED32B78B86400E1968B /* Release */ = {
			isa = XCBuildConfiguration;
			buildSettings = {
				ASSETCATALOG_COMPILER_APPICON_NAME = "App Icon & Top Shelf Image";
				ASSETCATALOG_COMPILER_GLOBAL_ACCENT_COLOR_NAME = AccentColor;
				CODE_SIGN_STYLE = Automatic;
				CURRENT_PROJECT_VERSION = 1;
				DEVELOPMENT_ASSET_PATHS = "";
				DEVELOPMENT_TEAM = T42V7M748Y;
				ENABLE_PREVIEWS = YES;
				GENERATE_INFOPLIST_FILE = YES;
				INFOPLIST_KEY_UILaunchScreen_Generation = YES;
				INFOPLIST_KEY_UIUserInterfaceStyle = Automatic;
				LD_RUNPATH_SEARCH_PATHS = (
					"$(inherited)",
					"@executable_path/Frameworks",
				);
				MARKETING_VERSION = 1.0;
				PRODUCT_BUNDLE_IDENTIFIER = com.devyeom.app.tvOS;
				PRODUCT_NAME = "$(TARGET_NAME)";
				SDKROOT = appletvos;
				SWIFT_EMIT_LOC_STRINGS = YES;
				SWIFT_VERSION = 5.0;
				TARGETED_DEVICE_FAMILY = 3;
				TVOS_DEPLOYMENT_TARGET = 15.0;
				VALIDATE_PRODUCT = YES;
			};
			name = Release;
		};
		C3DC6EE42B78B8E900E1968B /* Debug */ = {
			isa = XCBuildConfiguration;
			buildSettings = {
				ALWAYS_EMBED_SWIFT_STANDARD_LIBRARIES = YES;
				ASSETCATALOG_COMPILER_APPICON_NAME = AppIcon;
				ASSETCATALOG_COMPILER_GLOBAL_ACCENT_COLOR_NAME = AccentColor;
				CODE_SIGN_ENTITLEMENTS = "";
				CODE_SIGN_STYLE = Automatic;
				CURRENT_PROJECT_VERSION = 1;
				DEVELOPMENT_ASSET_PATHS = "";
				DEVELOPMENT_TEAM = T42V7M748Y;
				ENABLE_PREVIEWS = YES;
				GENERATE_INFOPLIST_FILE = YES;
				INFOPLIST_KEY_UIApplicationSceneManifest_Generation = YES;
				INFOPLIST_KEY_UIApplicationSupportsIndirectInputEvents = YES;
				INFOPLIST_KEY_UILaunchScreen_Generation = YES;
				INFOPLIST_KEY_UISupportedInterfaceOrientations_iPad = "UIInterfaceOrientationPortrait UIInterfaceOrientationPortraitUpsideDown UIInterfaceOrientationLandscapeLeft UIInterfaceOrientationLandscapeRight";
				INFOPLIST_KEY_UISupportedInterfaceOrientations_iPhone = "UIInterfaceOrientationPortrait UIInterfaceOrientationLandscapeLeft UIInterfaceOrientationLandscapeRight";
				IPHONEOS_DEPLOYMENT_TARGET = 15.0;
				LD_RUNPATH_SEARCH_PATHS = (
					"$(inherited)",
					"@executable_path/Frameworks",
				);
				MARKETING_VERSION = 1.0;
				PRODUCT_BUNDLE_IDENTIFIER = com.devyeom.app.iOS;
				PRODUCT_NAME = "$(TARGET_NAME)";
				SDKROOT = iphoneos;
				SUPPORTED_PLATFORMS = "iphoneos iphonesimulator";
				SUPPORTS_MACCATALYST = NO;
				SUPPORTS_MAC_DESIGNED_FOR_IPHONE_IPAD = NO;
				SUPPORTS_XR_DESIGNED_FOR_IPHONE_IPAD = NO;
				SWIFT_EMIT_LOC_STRINGS = YES;
				SWIFT_VERSION = 5.0;
				TARGETED_DEVICE_FAMILY = 1;
			};
			name = Debug;
		};
		C3DC6EE52B78B8E900E1968B /* Release */ = {
			isa = XCBuildConfiguration;
			buildSettings = {
				ALWAYS_EMBED_SWIFT_STANDARD_LIBRARIES = YES;
				ASSETCATALOG_COMPILER_APPICON_NAME = AppIcon;
				ASSETCATALOG_COMPILER_GLOBAL_ACCENT_COLOR_NAME = AccentColor;
				CODE_SIGN_ENTITLEMENTS = "";
				CODE_SIGN_STYLE = Automatic;
				CURRENT_PROJECT_VERSION = 1;
				DEVELOPMENT_ASSET_PATHS = "";
				DEVELOPMENT_TEAM = T42V7M748Y;
				ENABLE_PREVIEWS = YES;
				GENERATE_INFOPLIST_FILE = YES;
				INFOPLIST_KEY_UIApplicationSceneManifest_Generation = YES;
				INFOPLIST_KEY_UIApplicationSupportsIndirectInputEvents = YES;
				INFOPLIST_KEY_UILaunchScreen_Generation = YES;
				INFOPLIST_KEY_UISupportedInterfaceOrientations_iPad = "UIInterfaceOrientationPortrait UIInterfaceOrientationPortraitUpsideDown UIInterfaceOrientationLandscapeLeft UIInterfaceOrientationLandscapeRight";
				INFOPLIST_KEY_UISupportedInterfaceOrientations_iPhone = "UIInterfaceOrientationPortrait UIInterfaceOrientationLandscapeLeft UIInterfaceOrientationLandscapeRight";
				IPHONEOS_DEPLOYMENT_TARGET = 15.0;
				LD_RUNPATH_SEARCH_PATHS = (
					"$(inherited)",
					"@executable_path/Frameworks",
				);
				MARKETING_VERSION = 1.0;
				PRODUCT_BUNDLE_IDENTIFIER = com.devyeom.app.iOS;
				PRODUCT_NAME = "$(TARGET_NAME)";
				SDKROOT = iphoneos;
				SUPPORTED_PLATFORMS = "iphoneos iphonesimulator";
				SUPPORTS_MACCATALYST = NO;
				SUPPORTS_MAC_DESIGNED_FOR_IPHONE_IPAD = NO;
				SUPPORTS_XR_DESIGNED_FOR_IPHONE_IPAD = NO;
				SWIFT_EMIT_LOC_STRINGS = YES;
				SWIFT_VERSION = 5.0;
				TARGETED_DEVICE_FAMILY = 1;
				VALIDATE_PRODUCT = YES;
			};
			name = Release;
		};
		C3DC6EF62B78B9A400E1968B /* Debug */ = {
			isa = XCBuildConfiguration;
			buildSettings = {
				ASSETCATALOG_COMPILER_APPICON_NAME = AppIcon;
				ASSETCATALOG_COMPILER_GLOBAL_ACCENT_COLOR_NAME = AccentColor;
				CODE_SIGN_ENTITLEMENTS = "";
				CODE_SIGN_STYLE = Automatic;
				CURRENT_PROJECT_VERSION = 1;
				DEVELOPMENT_ASSET_PATHS = "";
				DEVELOPMENT_TEAM = T42V7M748Y;
				ENABLE_PREVIEWS = YES;
				GENERATE_INFOPLIST_FILE = YES;
				INFOPLIST_KEY_UIApplicationSceneManifest_Generation = YES;
				INFOPLIST_KEY_UIApplicationSupportsIndirectInputEvents = YES;
				INFOPLIST_KEY_UILaunchScreen_Generation = YES;
				INFOPLIST_KEY_UISupportedInterfaceOrientations_iPad = "UIInterfaceOrientationPortrait UIInterfaceOrientationPortraitUpsideDown UIInterfaceOrientationLandscapeLeft UIInterfaceOrientationLandscapeRight";
				INFOPLIST_KEY_UISupportedInterfaceOrientations_iPhone = "UIInterfaceOrientationPortrait UIInterfaceOrientationLandscapeLeft UIInterfaceOrientationLandscapeRight";
				IPHONEOS_DEPLOYMENT_TARGET = 15.0;
				LD_RUNPATH_SEARCH_PATHS = (
					"$(inherited)",
					"@executable_path/Frameworks",
				);
				MARKETING_VERSION = 1.0;
				PRODUCT_BUNDLE_IDENTIFIER = com.devyeom.app.iPadOS;
				PRODUCT_NAME = "$(TARGET_NAME)";
				SDKROOT = iphoneos;
				SUPPORTED_PLATFORMS = "iphoneos iphonesimulator";
				SUPPORTS_MACCATALYST = NO;
				SUPPORTS_MAC_DESIGNED_FOR_IPHONE_IPAD = NO;
				SUPPORTS_XR_DESIGNED_FOR_IPHONE_IPAD = NO;
				SWIFT_EMIT_LOC_STRINGS = YES;
				SWIFT_VERSION = 5.0;
				TARGETED_DEVICE_FAMILY = 2;
			};
			name = Debug;
		};
		C3DC6EF72B78B9A400E1968B /* Release */ = {
			isa = XCBuildConfiguration;
			buildSettings = {
				ASSETCATALOG_COMPILER_APPICON_NAME = AppIcon;
				ASSETCATALOG_COMPILER_GLOBAL_ACCENT_COLOR_NAME = AccentColor;
				CODE_SIGN_ENTITLEMENTS = "";
				CODE_SIGN_STYLE = Automatic;
				CURRENT_PROJECT_VERSION = 1;
				DEVELOPMENT_ASSET_PATHS = "";
				DEVELOPMENT_TEAM = T42V7M748Y;
				ENABLE_PREVIEWS = YES;
				GENERATE_INFOPLIST_FILE = YES;
				INFOPLIST_KEY_UIApplicationSceneManifest_Generation = YES;
				INFOPLIST_KEY_UIApplicationSupportsIndirectInputEvents = YES;
				INFOPLIST_KEY_UILaunchScreen_Generation = YES;
				INFOPLIST_KEY_UISupportedInterfaceOrientations_iPad = "UIInterfaceOrientationPortrait UIInterfaceOrientationPortraitUpsideDown UIInterfaceOrientationLandscapeLeft UIInterfaceOrientationLandscapeRight";
				INFOPLIST_KEY_UISupportedInterfaceOrientations_iPhone = "UIInterfaceOrientationPortrait UIInterfaceOrientationLandscapeLeft UIInterfaceOrientationLandscapeRight";
				IPHONEOS_DEPLOYMENT_TARGET = 15.0;
				LD_RUNPATH_SEARCH_PATHS = (
					"$(inherited)",
					"@executable_path/Frameworks",
				);
				MARKETING_VERSION = 1.0;
				PRODUCT_BUNDLE_IDENTIFIER = com.devyeom.app.iPadOS;
				PRODUCT_NAME = "$(TARGET_NAME)";
				SDKROOT = iphoneos;
				SUPPORTED_PLATFORMS = "iphoneos iphonesimulator";
				SUPPORTS_MACCATALYST = NO;
				SUPPORTS_MAC_DESIGNED_FOR_IPHONE_IPAD = NO;
				SUPPORTS_XR_DESIGNED_FOR_IPHONE_IPAD = NO;
				SWIFT_EMIT_LOC_STRINGS = YES;
				SWIFT_VERSION = 5.0;
				TARGETED_DEVICE_FAMILY = 2;
				VALIDATE_PRODUCT = YES;
			};
			name = Release;
		};
		C3E08D4C2B78BA6B00659303 /* Debug */ = {
			isa = XCBuildConfiguration;
			buildSettings = {
				ASSETCATALOG_COMPILER_APPICON_NAME = AppIcon;
				ASSETCATALOG_COMPILER_GLOBAL_ACCENT_COLOR_NAME = AccentColor;
				CODE_SIGN_STYLE = Automatic;
				CURRENT_PROJECT_VERSION = 1;
				DEVELOPMENT_ASSET_PATHS = "";
				DEVELOPMENT_TEAM = T42V7M748Y;
				ENABLE_PREVIEWS = YES;
				GENERATE_INFOPLIST_FILE = YES;
				INFOPLIST_FILE = "";
				LD_RUNPATH_SEARCH_PATHS = (
					"$(inherited)",
					"@executable_path/Frameworks",
				);
				MARKETING_VERSION = 1.0;
				PRODUCT_BUNDLE_IDENTIFIER = com.devyeom.app.visionOS;
				PRODUCT_NAME = "$(TARGET_NAME)";
				SDKROOT = xros;
				SUPPORTED_PLATFORMS = "xros xrsimulator";
				SWIFT_EMIT_LOC_STRINGS = YES;
				SWIFT_VERSION = 5.0;
				TARGETED_DEVICE_FAMILY = "1,2,7";
				XROS_DEPLOYMENT_TARGET = 1.0;
			};
			name = Debug;
		};
		C3E08D4D2B78BA6B00659303 /* Release */ = {
			isa = XCBuildConfiguration;
			buildSettings = {
				ASSETCATALOG_COMPILER_APPICON_NAME = AppIcon;
				ASSETCATALOG_COMPILER_GLOBAL_ACCENT_COLOR_NAME = AccentColor;
				CODE_SIGN_STYLE = Automatic;
				CURRENT_PROJECT_VERSION = 1;
				DEVELOPMENT_ASSET_PATHS = "";
				DEVELOPMENT_TEAM = T42V7M748Y;
				ENABLE_PREVIEWS = YES;
				GENERATE_INFOPLIST_FILE = YES;
				INFOPLIST_FILE = "";
				LD_RUNPATH_SEARCH_PATHS = (
					"$(inherited)",
					"@executable_path/Frameworks",
				);
				MARKETING_VERSION = 1.0;
				PRODUCT_BUNDLE_IDENTIFIER = com.devyeom.app.visionOS;
				PRODUCT_NAME = "$(TARGET_NAME)";
				SDKROOT = xros;
				SUPPORTED_PLATFORMS = "xros xrsimulator";
				SWIFT_EMIT_LOC_STRINGS = YES;
				SWIFT_VERSION = 5.0;
				TARGETED_DEVICE_FAMILY = "1,2,7";
				VALIDATE_PRODUCT = YES;
				XROS_DEPLOYMENT_TARGET = 1.0;
			};
			name = Release;
		};
		C3E08D6B2B78BEA800659303 /* Debug */ = {
			isa = XCBuildConfiguration;
			buildSettings = {
				ASSETCATALOG_COMPILER_APPICON_NAME = AppIcon;
				ASSETCATALOG_COMPILER_GLOBAL_ACCENT_COLOR_NAME = AccentColor;
				CODE_SIGN_STYLE = Automatic;
				CURRENT_PROJECT_VERSION = 1;
				DEVELOPMENT_ASSET_PATHS = "";
				DEVELOPMENT_TEAM = T42V7M748Y;
				ENABLE_PREVIEWS = YES;
				GENERATE_INFOPLIST_FILE = YES;
				INFOPLIST_KEY_CFBundleDisplayName = watchOS;
				INFOPLIST_KEY_UISupportedInterfaceOrientations = "UIInterfaceOrientationPortrait UIInterfaceOrientationPortraitUpsideDown";
				INFOPLIST_KEY_WKCompanionAppBundleIdentifier = com.devyeom.app.iOS;
				LD_RUNPATH_SEARCH_PATHS = (
					"$(inherited)",
					"@executable_path/Frameworks",
				);
				MARKETING_VERSION = 1.0;
				PRODUCT_BUNDLE_IDENTIFIER = com.devyeom.app.iOS.watchOS;
				PRODUCT_NAME = "$(TARGET_NAME)";
				SDKROOT = watchos;
				SKIP_INSTALL = YES;
				SWIFT_EMIT_LOC_STRINGS = YES;
				SWIFT_VERSION = 5.0;
				TARGETED_DEVICE_FAMILY = 4;
				WATCHOS_DEPLOYMENT_TARGET = 10.2;
			};
			name = Debug;
		};
		C3E08D6C2B78BEA800659303 /* Release */ = {
			isa = XCBuildConfiguration;
			buildSettings = {
				ASSETCATALOG_COMPILER_APPICON_NAME = AppIcon;
				ASSETCATALOG_COMPILER_GLOBAL_ACCENT_COLOR_NAME = AccentColor;
				CODE_SIGN_STYLE = Automatic;
				CURRENT_PROJECT_VERSION = 1;
				DEVELOPMENT_ASSET_PATHS = "";
				DEVELOPMENT_TEAM = T42V7M748Y;
				ENABLE_PREVIEWS = YES;
				GENERATE_INFOPLIST_FILE = YES;
				INFOPLIST_KEY_CFBundleDisplayName = watchOS;
				INFOPLIST_KEY_UISupportedInterfaceOrientations = "UIInterfaceOrientationPortrait UIInterfaceOrientationPortraitUpsideDown";
				INFOPLIST_KEY_WKCompanionAppBundleIdentifier = com.devyeom.app.iOS;
				LD_RUNPATH_SEARCH_PATHS = (
					"$(inherited)",
					"@executable_path/Frameworks",
				);
				MARKETING_VERSION = 1.0;
				PRODUCT_BUNDLE_IDENTIFIER = com.devyeom.app.iOS.watchOS;
				PRODUCT_NAME = "$(TARGET_NAME)";
				SDKROOT = watchos;
				SKIP_INSTALL = YES;
				SWIFT_EMIT_LOC_STRINGS = YES;
				SWIFT_VERSION = 5.0;
				TARGETED_DEVICE_FAMILY = 4;
				VALIDATE_PRODUCT = YES;
				WATCHOS_DEPLOYMENT_TARGET = 10.2;
			};
			name = Release;
		};
		C3F0AC722B2EE3AA00D2165B /* Debug */ = {
			isa = XCBuildConfiguration;
			buildSettings = {
				ALWAYS_SEARCH_USER_PATHS = NO;
				ASSETCATALOG_COMPILER_GENERATE_SWIFT_ASSET_SYMBOL_EXTENSIONS = YES;
				CLANG_ANALYZER_NONNULL = YES;
				CLANG_ANALYZER_NUMBER_OBJECT_CONVERSION = YES_AGGRESSIVE;
				CLANG_CXX_LANGUAGE_STANDARD = "gnu++20";
				CLANG_ENABLE_MODULES = YES;
				CLANG_ENABLE_OBJC_ARC = YES;
				CLANG_ENABLE_OBJC_WEAK = YES;
				CLANG_WARN_BLOCK_CAPTURE_AUTORELEASING = YES;
				CLANG_WARN_BOOL_CONVERSION = YES;
				CLANG_WARN_COMMA = YES;
				CLANG_WARN_CONSTANT_CONVERSION = YES;
				CLANG_WARN_DEPRECATED_OBJC_IMPLEMENTATIONS = YES;
				CLANG_WARN_DIRECT_OBJC_ISA_USAGE = YES_ERROR;
				CLANG_WARN_DOCUMENTATION_COMMENTS = YES;
				CLANG_WARN_EMPTY_BODY = YES;
				CLANG_WARN_ENUM_CONVERSION = YES;
				CLANG_WARN_INFINITE_RECURSION = YES;
				CLANG_WARN_INT_CONVERSION = YES;
				CLANG_WARN_NON_LITERAL_NULL_CONVERSION = YES;
				CLANG_WARN_OBJC_IMPLICIT_RETAIN_SELF = YES;
				CLANG_WARN_OBJC_LITERAL_CONVERSION = YES;
				CLANG_WARN_OBJC_ROOT_CLASS = YES_ERROR;
				CLANG_WARN_QUOTED_INCLUDE_IN_FRAMEWORK_HEADER = YES;
				CLANG_WARN_RANGE_LOOP_ANALYSIS = YES;
				CLANG_WARN_STRICT_PROTOTYPES = YES;
				CLANG_WARN_SUSPICIOUS_MOVE = YES;
				CLANG_WARN_UNGUARDED_AVAILABILITY = YES_AGGRESSIVE;
				CLANG_WARN_UNREACHABLE_CODE = YES;
				CLANG_WARN__DUPLICATE_METHOD_MATCH = YES;
				COPY_PHASE_STRIP = NO;
				DEAD_CODE_STRIPPING = YES;
				DEBUG_INFORMATION_FORMAT = dwarf;
				ENABLE_STRICT_OBJC_MSGSEND = YES;
				ENABLE_TESTABILITY = YES;
				ENABLE_USER_SCRIPT_SANDBOXING = YES;
				GCC_C_LANGUAGE_STANDARD = gnu17;
				GCC_DYNAMIC_NO_PIC = NO;
				GCC_NO_COMMON_BLOCKS = YES;
				GCC_OPTIMIZATION_LEVEL = 0;
				GCC_PREPROCESSOR_DEFINITIONS = (
					"DEBUG=1",
					"$(inherited)",
				);
				GCC_WARN_64_TO_32_BIT_CONVERSION = YES;
				GCC_WARN_ABOUT_RETURN_TYPE = YES_ERROR;
				GCC_WARN_UNDECLARED_SELECTOR = YES;
				GCC_WARN_UNINITIALIZED_AUTOS = YES_AGGRESSIVE;
				GCC_WARN_UNUSED_FUNCTION = YES;
				GCC_WARN_UNUSED_VARIABLE = YES;
				LOCALIZATION_PREFERS_STRING_CATALOGS = YES;
				MTL_ENABLE_DEBUG_INFO = INCLUDE_SOURCE;
				MTL_FAST_MATH = YES;
				ONLY_ACTIVE_ARCH = YES;
				SWIFT_ACTIVE_COMPILATION_CONDITIONS = "DEBUG $(inherited)";
				SWIFT_OPTIMIZATION_LEVEL = "-Onone";
			};
			name = Debug;
		};
		C3F0AC732B2EE3AA00D2165B /* Release */ = {
			isa = XCBuildConfiguration;
			buildSettings = {
				ALWAYS_SEARCH_USER_PATHS = NO;
				ASSETCATALOG_COMPILER_GENERATE_SWIFT_ASSET_SYMBOL_EXTENSIONS = YES;
				CLANG_ANALYZER_NONNULL = YES;
				CLANG_ANALYZER_NUMBER_OBJECT_CONVERSION = YES_AGGRESSIVE;
				CLANG_CXX_LANGUAGE_STANDARD = "gnu++20";
				CLANG_ENABLE_MODULES = YES;
				CLANG_ENABLE_OBJC_ARC = YES;
				CLANG_ENABLE_OBJC_WEAK = YES;
				CLANG_WARN_BLOCK_CAPTURE_AUTORELEASING = YES;
				CLANG_WARN_BOOL_CONVERSION = YES;
				CLANG_WARN_COMMA = YES;
				CLANG_WARN_CONSTANT_CONVERSION = YES;
				CLANG_WARN_DEPRECATED_OBJC_IMPLEMENTATIONS = YES;
				CLANG_WARN_DIRECT_OBJC_ISA_USAGE = YES_ERROR;
				CLANG_WARN_DOCUMENTATION_COMMENTS = YES;
				CLANG_WARN_EMPTY_BODY = YES;
				CLANG_WARN_ENUM_CONVERSION = YES;
				CLANG_WARN_INFINITE_RECURSION = YES;
				CLANG_WARN_INT_CONVERSION = YES;
				CLANG_WARN_NON_LITERAL_NULL_CONVERSION = YES;
				CLANG_WARN_OBJC_IMPLICIT_RETAIN_SELF = YES;
				CLANG_WARN_OBJC_LITERAL_CONVERSION = YES;
				CLANG_WARN_OBJC_ROOT_CLASS = YES_ERROR;
				CLANG_WARN_QUOTED_INCLUDE_IN_FRAMEWORK_HEADER = YES;
				CLANG_WARN_RANGE_LOOP_ANALYSIS = YES;
				CLANG_WARN_STRICT_PROTOTYPES = YES;
				CLANG_WARN_SUSPICIOUS_MOVE = YES;
				CLANG_WARN_UNGUARDED_AVAILABILITY = YES_AGGRESSIVE;
				CLANG_WARN_UNREACHABLE_CODE = YES;
				CLANG_WARN__DUPLICATE_METHOD_MATCH = YES;
				COPY_PHASE_STRIP = NO;
				DEAD_CODE_STRIPPING = YES;
				DEBUG_INFORMATION_FORMAT = "dwarf-with-dsym";
				ENABLE_NS_ASSERTIONS = NO;
				ENABLE_STRICT_OBJC_MSGSEND = YES;
				ENABLE_USER_SCRIPT_SANDBOXING = YES;
				GCC_C_LANGUAGE_STANDARD = gnu17;
				GCC_NO_COMMON_BLOCKS = YES;
				GCC_WARN_64_TO_32_BIT_CONVERSION = YES;
				GCC_WARN_ABOUT_RETURN_TYPE = YES_ERROR;
				GCC_WARN_UNDECLARED_SELECTOR = YES;
				GCC_WARN_UNINITIALIZED_AUTOS = YES_AGGRESSIVE;
				GCC_WARN_UNUSED_FUNCTION = YES;
				GCC_WARN_UNUSED_VARIABLE = YES;
				LOCALIZATION_PREFERS_STRING_CATALOGS = YES;
				MTL_ENABLE_DEBUG_INFO = NO;
				MTL_FAST_MATH = YES;
				SWIFT_COMPILATION_MODE = wholemodule;
			};
			name = Release;
		};
/* End XCBuildConfiguration section */

/* Begin XCConfigurationList section */
		C3DC6EC12B78B76100E1968B /* Build configuration list for PBXNativeTarget "macOS" */ = {
			isa = XCConfigurationList;
			buildConfigurations = (
				C3DC6EBF2B78B76100E1968B /* Debug */,
				C3DC6EC02B78B76100E1968B /* Release */,
			);
			defaultConfigurationIsVisible = 0;
			defaultConfigurationName = Release;
		};
		C3DC6ED12B78B86400E1968B /* Build configuration list for PBXNativeTarget "tvOS" */ = {
			isa = XCConfigurationList;
			buildConfigurations = (
				C3DC6ED22B78B86400E1968B /* Debug */,
				C3DC6ED32B78B86400E1968B /* Release */,
			);
			defaultConfigurationIsVisible = 0;
			defaultConfigurationName = Release;
		};
		C3DC6EE32B78B8E900E1968B /* Build configuration list for PBXNativeTarget "iOS" */ = {
			isa = XCConfigurationList;
			buildConfigurations = (
				C3DC6EE42B78B8E900E1968B /* Debug */,
				C3DC6EE52B78B8E900E1968B /* Release */,
			);
			defaultConfigurationIsVisible = 0;
			defaultConfigurationName = Release;
		};
		C3DC6EF52B78B9A400E1968B /* Build configuration list for PBXNativeTarget "iPadOS" */ = {
			isa = XCConfigurationList;
			buildConfigurations = (
				C3DC6EF62B78B9A400E1968B /* Debug */,
				C3DC6EF72B78B9A400E1968B /* Release */,
			);
			defaultConfigurationIsVisible = 0;
			defaultConfigurationName = Release;
		};
		C3E08D4B2B78BA6B00659303 /* Build configuration list for PBXNativeTarget "visionOS" */ = {
			isa = XCConfigurationList;
			buildConfigurations = (
				C3E08D4C2B78BA6B00659303 /* Debug */,
				C3E08D4D2B78BA6B00659303 /* Release */,
			);
			defaultConfigurationIsVisible = 0;
			defaultConfigurationName = Release;
		};
		C3E08D6A2B78BEA800659303 /* Build configuration list for PBXNativeTarget "watchOS" */ = {
			isa = XCConfigurationList;
			buildConfigurations = (
				C3E08D6B2B78BEA800659303 /* Debug */,
				C3E08D6C2B78BEA800659303 /* Release */,
			);
			defaultConfigurationIsVisible = 0;
			defaultConfigurationName = Release;
		};
		C3F0AC472B2EE3A900D2165B /* Build configuration list for PBXProject "AppProject" */ = {
			isa = XCConfigurationList;
			buildConfigurations = (
				C3F0AC722B2EE3AA00D2165B /* Debug */,
				C3F0AC732B2EE3AA00D2165B /* Release */,
			);
			defaultConfigurationIsVisible = 0;
			defaultConfigurationName = Release;
		};
/* End XCConfigurationList section */

/* Begin XCSwiftPackageProductDependency section */
		C3D4DF6C2B78C68600824E65 /* AppCore */ = {
			isa = XCSwiftPackageProductDependency;
			productName = AppCore;
		};
		C3D4DF6E2B78C68900824E65 /* AppUI */ = {
			isa = XCSwiftPackageProductDependency;
			productName = AppUI;
		};
		C3D4DF702B78C69200824E65 /* AppCore */ = {
			isa = XCSwiftPackageProductDependency;
			productName = AppCore;
		};
		C3D4DF722B78C69200824E65 /* AppUI */ = {
			isa = XCSwiftPackageProductDependency;
			productName = AppUI;
		};
		C3D4DF742B78C69D00824E65 /* AppCore */ = {
			isa = XCSwiftPackageProductDependency;
			productName = AppCore;
		};
		C3D4DF762B78C69D00824E65 /* AppUI */ = {
			isa = XCSwiftPackageProductDependency;
			productName = AppUI;
		};
		C3D4DF782B78C6A300824E65 /* AppCore */ = {
			isa = XCSwiftPackageProductDependency;
			productName = AppCore;
		};
		C3D4DF7A2B78C6A300824E65 /* AppUI */ = {
			isa = XCSwiftPackageProductDependency;
			productName = AppUI;
		};
		C3D4DF7C2B78C6AA00824E65 /* AppCore */ = {
			isa = XCSwiftPackageProductDependency;
			productName = AppCore;
		};
		C3D4DF7E2B78C6AA00824E65 /* AppUI */ = {
			isa = XCSwiftPackageProductDependency;
			productName = AppUI;
		};
		C3D4DF802B78C6B100824E65 /* AppCore */ = {
			isa = XCSwiftPackageProductDependency;
			productName = AppCore;
		};
		C3D4DF822B78C6B100824E65 /* AppUI */ = {
			isa = XCSwiftPackageProductDependency;
			productName = AppUI;
		};
/* End XCSwiftPackageProductDependency section */
	};
	rootObject = C3F0AC442B2EE3A900D2165B /* Project object */;
}
