// !$*UTF8*$!
{
	archiveVersion = 1;
	classes = {
	};
	objectVersion = 56;
	objects = {

/* Begin PBXBuildFile section */
		C3100B872B396A8400CD640B /* MacApp.swift in Sources */ = {isa = PBXBuildFile; fileRef = C3100B862B396A8400CD640B /* MacApp.swift */; };
		C3100B892B396AE800CD640B /* MacRootView.swift in Sources */ = {isa = PBXBuildFile; fileRef = C3100B882B396AE800CD640B /* MacRootView.swift */; };
		C3100B8B2B396B9900CD640B /* TVApp.swift in Sources */ = {isa = PBXBuildFile; fileRef = C3100B8A2B396B9900CD640B /* TVApp.swift */; };
		C3100B8D2B396B9F00CD640B /* WatchApp.swift in Sources */ = {isa = PBXBuildFile; fileRef = C3100B8C2B396B9F00CD640B /* WatchApp.swift */; };
		C3100B932B396E2D00CD640B /* PadRootView.swift in Sources */ = {isa = PBXBuildFile; fileRef = C3100B922B396E2D00CD640B /* PadRootView.swift */; };
		C3100B952B396F4B00CD640B /* TVRootView.swift in Sources */ = {isa = PBXBuildFile; fileRef = C3100B942B396F4B00CD640B /* TVRootView.swift */; };
		C3100B972B396F6000CD640B /* WatchRootView.swift in Sources */ = {isa = PBXBuildFile; fileRef = C3100B962B396F6000CD640B /* WatchRootView.swift */; };
		C31141DB2B6E2B8000A15292 /* VisionApp.swift in Sources */ = {isa = PBXBuildFile; fileRef = C31141DA2B6E2B8000A15292 /* VisionApp.swift */; };
		C31141DD2B6E2B8A00A15292 /* VisionRootView.swift in Sources */ = {isa = PBXBuildFile; fileRef = C31141DC2B6E2B8A00A15292 /* VisionRootView.swift */; };
		C3F0AC502B2EE3A900D2165B /* MobileApp.swift in Sources */ = {isa = PBXBuildFile; fileRef = C3F0AC4F2B2EE3A900D2165B /* MobileApp.swift */; };
		C3F0AC522B2EE3A900D2165B /* PhoneRootView.swift in Sources */ = {isa = PBXBuildFile; fileRef = C3F0AC512B2EE3A900D2165B /* PhoneRootView.swift */; };
		C3F0AC562B2EE3AA00D2165B /* Assets.xcassets in Resources */ = {isa = PBXBuildFile; fileRef = C3F0AC552B2EE3AA00D2165B /* Assets.xcassets */; };
		C3F0AC652B2EE3AA00D2165B /* AppTests.swift in Sources */ = {isa = PBXBuildFile; fileRef = C3F0AC642B2EE3AA00D2165B /* AppTests.swift */; };
		C3F0AC6F2B2EE3AA00D2165B /* AppUITests.swift in Sources */ = {isa = PBXBuildFile; fileRef = C3F0AC6E2B2EE3AA00D2165B /* AppUITests.swift */; };
		C3F0AC712B2EE3AA00D2165B /* AppLaunchTests.swift in Sources */ = {isa = PBXBuildFile; fileRef = C3F0AC702B2EE3AA00D2165B /* AppLaunchTests.swift */; };
/* End PBXBuildFile section */

/* Begin PBXContainerItemProxy section */
		C3F0AC612B2EE3AA00D2165B /* PBXContainerItemProxy */ = {
			isa = PBXContainerItemProxy;
			containerPortal = C3F0AC442B2EE3A900D2165B /* Project object */;
			proxyType = 1;
			remoteGlobalIDString = C3F0AC4B2B2EE3A900D2165B;
			remoteInfo = AppPackage;
		};
		C3F0AC6B2B2EE3AA00D2165B /* PBXContainerItemProxy */ = {
			isa = PBXContainerItemProxy;
			containerPortal = C3F0AC442B2EE3A900D2165B /* Project object */;
			proxyType = 1;
			remoteGlobalIDString = C3F0AC4B2B2EE3A900D2165B;
			remoteInfo = AppPackage;
		};
/* End PBXContainerItemProxy section */

/* Begin PBXFileReference section */
		C3100B862B396A8400CD640B /* MacApp.swift */ = {isa = PBXFileReference; lastKnownFileType = sourcecode.swift; path = MacApp.swift; sourceTree = "<group>"; };
		C3100B882B396AE800CD640B /* MacRootView.swift */ = {isa = PBXFileReference; lastKnownFileType = sourcecode.swift; path = MacRootView.swift; sourceTree = "<group>"; };
		C3100B8A2B396B9900CD640B /* TVApp.swift */ = {isa = PBXFileReference; lastKnownFileType = sourcecode.swift; path = TVApp.swift; sourceTree = "<group>"; };
		C3100B8C2B396B9F00CD640B /* WatchApp.swift */ = {isa = PBXFileReference; lastKnownFileType = sourcecode.swift; path = WatchApp.swift; sourceTree = "<group>"; };
		C3100B922B396E2D00CD640B /* PadRootView.swift */ = {isa = PBXFileReference; lastKnownFileType = sourcecode.swift; path = PadRootView.swift; sourceTree = "<group>"; };
		C3100B942B396F4B00CD640B /* TVRootView.swift */ = {isa = PBXFileReference; lastKnownFileType = sourcecode.swift; path = TVRootView.swift; sourceTree = "<group>"; };
		C3100B962B396F6000CD640B /* WatchRootView.swift */ = {isa = PBXFileReference; lastKnownFileType = sourcecode.swift; path = WatchRootView.swift; sourceTree = "<group>"; };
		C31141DA2B6E2B8000A15292 /* VisionApp.swift */ = {isa = PBXFileReference; lastKnownFileType = sourcecode.swift; path = VisionApp.swift; sourceTree = "<group>"; };
		C31141DC2B6E2B8A00A15292 /* VisionRootView.swift */ = {isa = PBXFileReference; lastKnownFileType = sourcecode.swift; path = VisionRootView.swift; sourceTree = "<group>"; };
		C3F0AC4C2B2EE3A900D2165B /* AppProject.app */ = {isa = PBXFileReference; explicitFileType = wrapper.application; includeInIndex = 0; path = AppProject.app; sourceTree = BUILT_PRODUCTS_DIR; };
		C3F0AC4F2B2EE3A900D2165B /* MobileApp.swift */ = {isa = PBXFileReference; lastKnownFileType = sourcecode.swift; path = MobileApp.swift; sourceTree = "<group>"; };
		C3F0AC512B2EE3A900D2165B /* PhoneRootView.swift */ = {isa = PBXFileReference; lastKnownFileType = sourcecode.swift; path = PhoneRootView.swift; sourceTree = "<group>"; };
		C3F0AC552B2EE3AA00D2165B /* Assets.xcassets */ = {isa = PBXFileReference; lastKnownFileType = folder.assetcatalog; path = Assets.xcassets; sourceTree = "<group>"; };
		C3F0AC572B2EE3AA00D2165B /* App.entitlements */ = {isa = PBXFileReference; lastKnownFileType = text.plist.entitlements; path = App.entitlements; sourceTree = "<group>"; };
		C3F0AC5B2B2EE3AA00D2165B /* Info.plist */ = {isa = PBXFileReference; lastKnownFileType = text.plist.xml; path = Info.plist; sourceTree = "<group>"; };
		C3F0AC602B2EE3AA00D2165B /* AppTests.xctest */ = {isa = PBXFileReference; explicitFileType = wrapper.cfbundle; includeInIndex = 0; path = AppTests.xctest; sourceTree = BUILT_PRODUCTS_DIR; };
		C3F0AC642B2EE3AA00D2165B /* AppTests.swift */ = {isa = PBXFileReference; lastKnownFileType = sourcecode.swift; path = AppTests.swift; sourceTree = "<group>"; };
		C3F0AC6A2B2EE3AA00D2165B /* AppUITests.xctest */ = {isa = PBXFileReference; explicitFileType = wrapper.cfbundle; includeInIndex = 0; path = AppUITests.xctest; sourceTree = BUILT_PRODUCTS_DIR; };
		C3F0AC6E2B2EE3AA00D2165B /* AppUITests.swift */ = {isa = PBXFileReference; lastKnownFileType = sourcecode.swift; path = AppUITests.swift; sourceTree = "<group>"; };
		C3F0AC702B2EE3AA00D2165B /* AppLaunchTests.swift */ = {isa = PBXFileReference; lastKnownFileType = sourcecode.swift; path = AppLaunchTests.swift; sourceTree = "<group>"; };
/* End PBXFileReference section */

/* Begin PBXFrameworksBuildPhase section */
		C3F0AC492B2EE3A900D2165B /* Frameworks */ = {
			isa = PBXFrameworksBuildPhase;
			buildActionMask = 2147483647;
			files = (
			);
			runOnlyForDeploymentPostprocessing = 0;
		};
		C3F0AC5D2B2EE3AA00D2165B /* Frameworks */ = {
			isa = PBXFrameworksBuildPhase;
			buildActionMask = 2147483647;
			files = (
			);
			runOnlyForDeploymentPostprocessing = 0;
		};
		C3F0AC672B2EE3AA00D2165B /* Frameworks */ = {
			isa = PBXFrameworksBuildPhase;
			buildActionMask = 2147483647;
			files = (
			);
			runOnlyForDeploymentPostprocessing = 0;
		};
/* End PBXFrameworksBuildPhase section */

/* Begin PBXGroup section */
		C3100B802B39696D00CD640B /* macOS */ = {
			isa = PBXGroup;
			children = (
				C3100B862B396A8400CD640B /* MacApp.swift */,
				C3100B882B396AE800CD640B /* MacRootView.swift */,
			);
			path = macOS;
			sourceTree = "<group>";
		};
		C3100B822B39699700CD640B /* watchOS */ = {
			isa = PBXGroup;
			children = (
				C3100B8C2B396B9F00CD640B /* WatchApp.swift */,
				C3100B962B396F6000CD640B /* WatchRootView.swift */,
			);
			path = watchOS;
			sourceTree = "<group>";
		};
		C3100B842B3969D600CD640B /* tvOS */ = {
			isa = PBXGroup;
			children = (
				C3100B8A2B396B9900CD640B /* TVApp.swift */,
				C3100B942B396F4B00CD640B /* TVRootView.swift */,
			);
			path = tvOS;
			sourceTree = "<group>";
		};
		C3100B852B396A0600CD640B /* Platforms */ = {
			isa = PBXGroup;
			children = (
				C3F0AC4E2B2EE3A900D2165B /* iOS */,
				C3100B802B39696D00CD640B /* macOS */,
				C3100B842B3969D600CD640B /* tvOS */,
				C31141D92B6E2B7000A15292 /* visionOS */,
				C3100B822B39699700CD640B /* watchOS */,
			);
			path = Platforms;
			sourceTree = "<group>";
		};
		C3100B9A2B39720200CD640B /* Shared */ = {
			isa = PBXGroup;
			children = (
				C3F0AC572B2EE3AA00D2165B /* App.entitlements */,
				C3F0AC5B2B2EE3AA00D2165B /* Info.plist */,
				C3F0AC552B2EE3AA00D2165B /* Assets.xcassets */,
			);
			path = Shared;
			sourceTree = "<group>";
		};
		C31141D92B6E2B7000A15292 /* visionOS */ = {
			isa = PBXGroup;
			children = (
				C31141DA2B6E2B8000A15292 /* VisionApp.swift */,
				C31141DC2B6E2B8A00A15292 /* VisionRootView.swift */,
			);
			path = visionOS;
			sourceTree = "<group>";
		};
		C3F0AC432B2EE3A900D2165B = {
			isa = PBXGroup;
			children = (
				C3100B9A2B39720200CD640B /* Shared */,
				C3100B852B396A0600CD640B /* Platforms */,
				C3F0AC4D2B2EE3A900D2165B /* Products */,
				C3F0AC632B2EE3AA00D2165B /* Tests */,
				C3F0AC6D2B2EE3AA00D2165B /* UITests */,
			);
			sourceTree = "<group>";
		};
		C3F0AC4D2B2EE3A900D2165B /* Products */ = {
			isa = PBXGroup;
			children = (
				C3F0AC4C2B2EE3A900D2165B /* AppProject.app */,
				C3F0AC602B2EE3AA00D2165B /* AppTests.xctest */,
				C3F0AC6A2B2EE3AA00D2165B /* AppUITests.xctest */,
			);
			name = Products;
			sourceTree = "<group>";
		};
		C3F0AC4E2B2EE3A900D2165B /* iOS */ = {
			isa = PBXGroup;
			children = (
				C3F0AC4F2B2EE3A900D2165B /* MobileApp.swift */,
				C3100B922B396E2D00CD640B /* PadRootView.swift */,
				C3F0AC512B2EE3A900D2165B /* PhoneRootView.swift */,
			);
			path = iOS;
			sourceTree = "<group>";
		};
		C3F0AC632B2EE3AA00D2165B /* Tests */ = {
			isa = PBXGroup;
			children = (
				C3F0AC642B2EE3AA00D2165B /* AppTests.swift */,
			);
			path = Tests;
			sourceTree = "<group>";
		};
		C3F0AC6D2B2EE3AA00D2165B /* UITests */ = {
			isa = PBXGroup;
			children = (
				C3F0AC6E2B2EE3AA00D2165B /* AppUITests.swift */,
				C3F0AC702B2EE3AA00D2165B /* AppLaunchTests.swift */,
			);
			path = UITests;
			sourceTree = "<group>";
		};
/* End PBXGroup section */

/* Begin PBXNativeTarget section */
		C3F0AC4B2B2EE3A900D2165B /* AppProject */ = {
			isa = PBXNativeTarget;
			buildConfigurationList = C3F0AC742B2EE3AA00D2165B /* Build configuration list for PBXNativeTarget "AppProject" */;
			buildPhases = (
				C3F0AC482B2EE3A900D2165B /* Sources */,
				C3F0AC492B2EE3A900D2165B /* Frameworks */,
				C3F0AC4A2B2EE3A900D2165B /* Resources */,
			);
			buildRules = (
			);
			dependencies = (
			);
			name = AppProject;
			productName = AppPackage;
			productReference = C3F0AC4C2B2EE3A900D2165B /* AppProject.app */;
			productType = "com.apple.product-type.application";
		};
		C3F0AC5F2B2EE3AA00D2165B /* AppTests */ = {
			isa = PBXNativeTarget;
			buildConfigurationList = C3F0AC772B2EE3AA00D2165B /* Build configuration list for PBXNativeTarget "AppTests" */;
			buildPhases = (
				C3F0AC5C2B2EE3AA00D2165B /* Sources */,
				C3F0AC5D2B2EE3AA00D2165B /* Frameworks */,
				C3F0AC5E2B2EE3AA00D2165B /* Resources */,
			);
			buildRules = (
			);
			dependencies = (
				C3F0AC622B2EE3AA00D2165B /* PBXTargetDependency */,
			);
			name = AppTests;
			productName = AppPackageTests;
			productReference = C3F0AC602B2EE3AA00D2165B /* AppTests.xctest */;
			productType = "com.apple.product-type.bundle.unit-test";
		};
		C3F0AC692B2EE3AA00D2165B /* AppUITests */ = {
			isa = PBXNativeTarget;
			buildConfigurationList = C3F0AC7A2B2EE3AA00D2165B /* Build configuration list for PBXNativeTarget "AppUITests" */;
			buildPhases = (
				C3F0AC662B2EE3AA00D2165B /* Sources */,
				C3F0AC672B2EE3AA00D2165B /* Frameworks */,
				C3F0AC682B2EE3AA00D2165B /* Resources */,
			);
			buildRules = (
			);
			dependencies = (
				C3F0AC6C2B2EE3AA00D2165B /* PBXTargetDependency */,
			);
			name = AppUITests;
			productName = AppPackageUITests;
			productReference = C3F0AC6A2B2EE3AA00D2165B /* AppUITests.xctest */;
			productType = "com.apple.product-type.bundle.ui-testing";
		};
/* End PBXNativeTarget section */

/* Begin PBXProject section */
		C3F0AC442B2EE3A900D2165B /* Project object */ = {
			isa = PBXProject;
			attributes = {
				BuildIndependentTargetsInParallel = 1;
				LastSwiftUpdateCheck = 1510;
				LastUpgradeCheck = 1510;
				TargetAttributes = {
					C3F0AC4B2B2EE3A900D2165B = {
						CreatedOnToolsVersion = 15.1;
					};
					C3F0AC5F2B2EE3AA00D2165B = {
						CreatedOnToolsVersion = 15.1;
						TestTargetID = C3F0AC4B2B2EE3A900D2165B;
					};
					C3F0AC692B2EE3AA00D2165B = {
						CreatedOnToolsVersion = 15.1;
						TestTargetID = C3F0AC4B2B2EE3A900D2165B;
					};
				};
			};
			buildConfigurationList = C3F0AC472B2EE3A900D2165B /* Build configuration list for PBXProject "AppProject" */;
			compatibilityVersion = "Xcode 14.0";
			developmentRegion = en;
			hasScannedForEncodings = 0;
			knownRegions = (
				en,
				Base,
			);
			mainGroup = C3F0AC432B2EE3A900D2165B;
			productRefGroup = C3F0AC4D2B2EE3A900D2165B /* Products */;
			projectDirPath = "";
			projectRoot = "";
			targets = (
				C3F0AC4B2B2EE3A900D2165B /* AppProject */,
				C3F0AC5F2B2EE3AA00D2165B /* AppTests */,
				C3F0AC692B2EE3AA00D2165B /* AppUITests */,
			);
		};
/* End PBXProject section */

/* Begin PBXResourcesBuildPhase section */
		C3F0AC4A2B2EE3A900D2165B /* Resources */ = {
			isa = PBXResourcesBuildPhase;
			buildActionMask = 2147483647;
			files = (
				C3F0AC562B2EE3AA00D2165B /* Assets.xcassets in Resources */,
			);
			runOnlyForDeploymentPostprocessing = 0;
		};
		C3F0AC5E2B2EE3AA00D2165B /* Resources */ = {
			isa = PBXResourcesBuildPhase;
			buildActionMask = 2147483647;
			files = (
			);
			runOnlyForDeploymentPostprocessing = 0;
		};
		C3F0AC682B2EE3AA00D2165B /* Resources */ = {
			isa = PBXResourcesBuildPhase;
			buildActionMask = 2147483647;
			files = (
			);
			runOnlyForDeploymentPostprocessing = 0;
		};
/* End PBXResourcesBuildPhase section */

/* Begin PBXSourcesBuildPhase section */
		C3F0AC482B2EE3A900D2165B /* Sources */ = {
			isa = PBXSourcesBuildPhase;
			buildActionMask = 2147483647;
			files = (
				C3100B972B396F6000CD640B /* WatchRootView.swift in Sources */,
				C31141DD2B6E2B8A00A15292 /* VisionRootView.swift in Sources */,
				C31141DB2B6E2B8000A15292 /* VisionApp.swift in Sources */,
				C3100B932B396E2D00CD640B /* PadRootView.swift in Sources */,
				C3100B952B396F4B00CD640B /* TVRootView.swift in Sources */,
				C3F0AC522B2EE3A900D2165B /* PhoneRootView.swift in Sources */,
				C3100B8D2B396B9F00CD640B /* WatchApp.swift in Sources */,
				C3100B872B396A8400CD640B /* MacApp.swift in Sources */,
				C3F0AC502B2EE3A900D2165B /* MobileApp.swift in Sources */,
				C3100B8B2B396B9900CD640B /* TVApp.swift in Sources */,
				C3100B892B396AE800CD640B /* MacRootView.swift in Sources */,
			);
			runOnlyForDeploymentPostprocessing = 0;
		};
		C3F0AC5C2B2EE3AA00D2165B /* Sources */ = {
			isa = PBXSourcesBuildPhase;
			buildActionMask = 2147483647;
			files = (
				C3F0AC652B2EE3AA00D2165B /* AppTests.swift in Sources */,
			);
			runOnlyForDeploymentPostprocessing = 0;
		};
		C3F0AC662B2EE3AA00D2165B /* Sources */ = {
			isa = PBXSourcesBuildPhase;
			buildActionMask = 2147483647;
			files = (
				C3F0AC6F2B2EE3AA00D2165B /* AppUITests.swift in Sources */,
				C3F0AC712B2EE3AA00D2165B /* AppLaunchTests.swift in Sources */,
			);
			runOnlyForDeploymentPostprocessing = 0;
		};
/* End PBXSourcesBuildPhase section */

/* Begin PBXTargetDependency section */
		C3F0AC622B2EE3AA00D2165B /* PBXTargetDependency */ = {
			isa = PBXTargetDependency;
			target = C3F0AC4B2B2EE3A900D2165B /* AppProject */;
			targetProxy = C3F0AC612B2EE3AA00D2165B /* PBXContainerItemProxy */;
		};
		C3F0AC6C2B2EE3AA00D2165B /* PBXTargetDependency */ = {
			isa = PBXTargetDependency;
			target = C3F0AC4B2B2EE3A900D2165B /* AppProject */;
			targetProxy = C3F0AC6B2B2EE3AA00D2165B /* PBXContainerItemProxy */;
		};
/* End PBXTargetDependency section */

/* Begin XCBuildConfiguration section */
		C3F0AC722B2EE3AA00D2165B /* Debug */ = {
			isa = XCBuildConfiguration;
			buildSettings = {
				ALWAYS_SEARCH_USER_PATHS = NO;
				ASSETCATALOG_COMPILER_GENERATE_SWIFT_ASSET_SYMBOL_EXTENSIONS = YES;
				CLANG_ANALYZER_NONNULL = YES;
				CLANG_ANALYZER_NUMBER_OBJECT_CONVERSION = YES_AGGRESSIVE;
				CLANG_CXX_LANGUAGE_STANDARD = "gnu++20";
				CLANG_ENABLE_MODULES = YES;
				CLANG_ENABLE_OBJC_ARC = YES;
				CLANG_ENABLE_OBJC_WEAK = YES;
				CLANG_WARN_BLOCK_CAPTURE_AUTORELEASING = YES;
				CLANG_WARN_BOOL_CONVERSION = YES;
				CLANG_WARN_COMMA = YES;
				CLANG_WARN_CONSTANT_CONVERSION = YES;
				CLANG_WARN_DEPRECATED_OBJC_IMPLEMENTATIONS = YES;
				CLANG_WARN_DIRECT_OBJC_ISA_USAGE = YES_ERROR;
				CLANG_WARN_DOCUMENTATION_COMMENTS = YES;
				CLANG_WARN_EMPTY_BODY = YES;
				CLANG_WARN_ENUM_CONVERSION = YES;
				CLANG_WARN_INFINITE_RECURSION = YES;
				CLANG_WARN_INT_CONVERSION = YES;
				CLANG_WARN_NON_LITERAL_NULL_CONVERSION = YES;
				CLANG_WARN_OBJC_IMPLICIT_RETAIN_SELF = YES;
				CLANG_WARN_OBJC_LITERAL_CONVERSION = YES;
				CLANG_WARN_OBJC_ROOT_CLASS = YES_ERROR;
				CLANG_WARN_QUOTED_INCLUDE_IN_FRAMEWORK_HEADER = YES;
				CLANG_WARN_RANGE_LOOP_ANALYSIS = YES;
				CLANG_WARN_STRICT_PROTOTYPES = YES;
				CLANG_WARN_SUSPICIOUS_MOVE = YES;
				CLANG_WARN_UNGUARDED_AVAILABILITY = YES_AGGRESSIVE;
				CLANG_WARN_UNREACHABLE_CODE = YES;
				CLANG_WARN__DUPLICATE_METHOD_MATCH = YES;
				COPY_PHASE_STRIP = NO;
				DEBUG_INFORMATION_FORMAT = dwarf;
				ENABLE_STRICT_OBJC_MSGSEND = YES;
				ENABLE_TESTABILITY = YES;
				ENABLE_USER_SCRIPT_SANDBOXING = YES;
				GCC_C_LANGUAGE_STANDARD = gnu17;
				GCC_DYNAMIC_NO_PIC = NO;
				GCC_NO_COMMON_BLOCKS = YES;
				GCC_OPTIMIZATION_LEVEL = 0;
				GCC_PREPROCESSOR_DEFINITIONS = (
					"DEBUG=1",
					"$(inherited)",
				);
				GCC_WARN_64_TO_32_BIT_CONVERSION = YES;
				GCC_WARN_ABOUT_RETURN_TYPE = YES_ERROR;
				GCC_WARN_UNDECLARED_SELECTOR = YES;
				GCC_WARN_UNINITIALIZED_AUTOS = YES_AGGRESSIVE;
				GCC_WARN_UNUSED_FUNCTION = YES;
				GCC_WARN_UNUSED_VARIABLE = YES;
				LOCALIZATION_PREFERS_STRING_CATALOGS = YES;
				MTL_ENABLE_DEBUG_INFO = INCLUDE_SOURCE;
				MTL_FAST_MATH = YES;
				ONLY_ACTIVE_ARCH = YES;
				SWIFT_ACTIVE_COMPILATION_CONDITIONS = "DEBUG $(inherited)";
				SWIFT_OPTIMIZATION_LEVEL = "-Onone";
			};
			name = Debug;
		};
		C3F0AC732B2EE3AA00D2165B /* Release */ = {
			isa = XCBuildConfiguration;
			buildSettings = {
				ALWAYS_SEARCH_USER_PATHS = NO;
				ASSETCATALOG_COMPILER_GENERATE_SWIFT_ASSET_SYMBOL_EXTENSIONS = YES;
				CLANG_ANALYZER_NONNULL = YES;
				CLANG_ANALYZER_NUMBER_OBJECT_CONVERSION = YES_AGGRESSIVE;
				CLANG_CXX_LANGUAGE_STANDARD = "gnu++20";
				CLANG_ENABLE_MODULES = YES;
				CLANG_ENABLE_OBJC_ARC = YES;
				CLANG_ENABLE_OBJC_WEAK = YES;
				CLANG_WARN_BLOCK_CAPTURE_AUTORELEASING = YES;
				CLANG_WARN_BOOL_CONVERSION = YES;
				CLANG_WARN_COMMA = YES;
				CLANG_WARN_CONSTANT_CONVERSION = YES;
				CLANG_WARN_DEPRECATED_OBJC_IMPLEMENTATIONS = YES;
				CLANG_WARN_DIRECT_OBJC_ISA_USAGE = YES_ERROR;
				CLANG_WARN_DOCUMENTATION_COMMENTS = YES;
				CLANG_WARN_EMPTY_BODY = YES;
				CLANG_WARN_ENUM_CONVERSION = YES;
				CLANG_WARN_INFINITE_RECURSION = YES;
				CLANG_WARN_INT_CONVERSION = YES;
				CLANG_WARN_NON_LITERAL_NULL_CONVERSION = YES;
				CLANG_WARN_OBJC_IMPLICIT_RETAIN_SELF = YES;
				CLANG_WARN_OBJC_LITERAL_CONVERSION = YES;
				CLANG_WARN_OBJC_ROOT_CLASS = YES_ERROR;
				CLANG_WARN_QUOTED_INCLUDE_IN_FRAMEWORK_HEADER = YES;
				CLANG_WARN_RANGE_LOOP_ANALYSIS = YES;
				CLANG_WARN_STRICT_PROTOTYPES = YES;
				CLANG_WARN_SUSPICIOUS_MOVE = YES;
				CLANG_WARN_UNGUARDED_AVAILABILITY = YES_AGGRESSIVE;
				CLANG_WARN_UNREACHABLE_CODE = YES;
				CLANG_WARN__DUPLICATE_METHOD_MATCH = YES;
				COPY_PHASE_STRIP = NO;
				DEBUG_INFORMATION_FORMAT = "dwarf-with-dsym";
				ENABLE_NS_ASSERTIONS = NO;
				ENABLE_STRICT_OBJC_MSGSEND = YES;
				ENABLE_USER_SCRIPT_SANDBOXING = YES;
				GCC_C_LANGUAGE_STANDARD = gnu17;
				GCC_NO_COMMON_BLOCKS = YES;
				GCC_WARN_64_TO_32_BIT_CONVERSION = YES;
				GCC_WARN_ABOUT_RETURN_TYPE = YES_ERROR;
				GCC_WARN_UNDECLARED_SELECTOR = YES;
				GCC_WARN_UNINITIALIZED_AUTOS = YES_AGGRESSIVE;
				GCC_WARN_UNUSED_FUNCTION = YES;
				GCC_WARN_UNUSED_VARIABLE = YES;
				LOCALIZATION_PREFERS_STRING_CATALOGS = YES;
				MTL_ENABLE_DEBUG_INFO = NO;
				MTL_FAST_MATH = YES;
				SWIFT_COMPILATION_MODE = wholemodule;
			};
			name = Release;
		};
		C3F0AC752B2EE3AA00D2165B /* Debug */ = {
			isa = XCBuildConfiguration;
			buildSettings = {
				ALLOW_TARGET_PLATFORM_SPECIALIZATION = YES;
				ASSETCATALOG_COMPILER_APPICON_NAME = AppIcon;
				ASSETCATALOG_COMPILER_GLOBAL_ACCENT_COLOR_NAME = AccentColor;
				CODE_SIGN_ENTITLEMENTS = Shared/App.entitlements;
				CODE_SIGN_STYLE = Automatic;
				CURRENT_PROJECT_VERSION = 1;
				DEVELOPMENT_ASSET_PATHS = "";
				DEVELOPMENT_TEAM = T42V7M748Y;
				ENABLE_HARDENED_RUNTIME = YES;
				ENABLE_PREVIEWS = YES;
				GENERATE_INFOPLIST_FILE = YES;
				INFOPLIST_FILE = Shared/Info.plist;
				"INFOPLIST_KEY_UIApplicationSceneManifest_Generation[sdk=iphoneos*]" = YES;
				"INFOPLIST_KEY_UIApplicationSceneManifest_Generation[sdk=iphonesimulator*]" = YES;
				"INFOPLIST_KEY_UIApplicationSupportsIndirectInputEvents[sdk=iphoneos*]" = YES;
				"INFOPLIST_KEY_UIApplicationSupportsIndirectInputEvents[sdk=iphonesimulator*]" = YES;
				"INFOPLIST_KEY_UILaunchScreen_Generation[sdk=iphoneos*]" = YES;
				"INFOPLIST_KEY_UILaunchScreen_Generation[sdk=iphonesimulator*]" = YES;
				"INFOPLIST_KEY_UIStatusBarStyle[sdk=iphoneos*]" = UIStatusBarStyleDefault;
				"INFOPLIST_KEY_UIStatusBarStyle[sdk=iphonesimulator*]" = UIStatusBarStyleDefault;
				INFOPLIST_KEY_UISupportedInterfaceOrientations_iPad = "UIInterfaceOrientationPortrait UIInterfaceOrientationPortraitUpsideDown UIInterfaceOrientationLandscapeLeft UIInterfaceOrientationLandscapeRight";
				INFOPLIST_KEY_UISupportedInterfaceOrientations_iPhone = "UIInterfaceOrientationPortrait UIInterfaceOrientationLandscapeLeft UIInterfaceOrientationLandscapeRight";
				IPHONEOS_DEPLOYMENT_TARGET = 17.0;
				LD_RUNPATH_SEARCH_PATHS = "@executable_path/Frameworks";
				"LD_RUNPATH_SEARCH_PATHS[sdk=macosx*]" = "@executable_path/../Frameworks";
				MACOSX_DEPLOYMENT_TARGET = 14.0;
				MARKETING_VERSION = 1.0;
				PRODUCT_BUNDLE_IDENTIFIER = com.devyeom.AppPackage;
				PRODUCT_NAME = "$(TARGET_NAME)";
				SDKROOT = auto;
				SUPPORTED_PLATFORMS = "appletvos appletvsimulator iphoneos iphonesimulator macosx";
				SUPPORTS_MACCATALYST = NO;
				SWIFT_EMIT_LOC_STRINGS = YES;
				SWIFT_VERSION = 5.0;
				TARGETED_DEVICE_FAMILY = "1,2,3";
				TVOS_DEPLOYMENT_TARGET = 17.0;
			};
			name = Debug;
		};
		C3F0AC762B2EE3AA00D2165B /* Release */ = {
			isa = XCBuildConfiguration;
			buildSettings = {
				ALLOW_TARGET_PLATFORM_SPECIALIZATION = YES;
				ASSETCATALOG_COMPILER_APPICON_NAME = AppIcon;
				ASSETCATALOG_COMPILER_GLOBAL_ACCENT_COLOR_NAME = AccentColor;
				CODE_SIGN_ENTITLEMENTS = Shared/App.entitlements;
				CODE_SIGN_STYLE = Automatic;
				CURRENT_PROJECT_VERSION = 1;
				DEVELOPMENT_ASSET_PATHS = "";
				DEVELOPMENT_TEAM = T42V7M748Y;
				ENABLE_HARDENED_RUNTIME = YES;
				ENABLE_PREVIEWS = YES;
				GENERATE_INFOPLIST_FILE = YES;
				INFOPLIST_FILE = Shared/Info.plist;
				"INFOPLIST_KEY_UIApplicationSceneManifest_Generation[sdk=iphoneos*]" = YES;
				"INFOPLIST_KEY_UIApplicationSceneManifest_Generation[sdk=iphonesimulator*]" = YES;
				"INFOPLIST_KEY_UIApplicationSupportsIndirectInputEvents[sdk=iphoneos*]" = YES;
				"INFOPLIST_KEY_UIApplicationSupportsIndirectInputEvents[sdk=iphonesimulator*]" = YES;
				"INFOPLIST_KEY_UILaunchScreen_Generation[sdk=iphoneos*]" = YES;
				"INFOPLIST_KEY_UILaunchScreen_Generation[sdk=iphonesimulator*]" = YES;
				"INFOPLIST_KEY_UIStatusBarStyle[sdk=iphoneos*]" = UIStatusBarStyleDefault;
				"INFOPLIST_KEY_UIStatusBarStyle[sdk=iphonesimulator*]" = UIStatusBarStyleDefault;
				INFOPLIST_KEY_UISupportedInterfaceOrientations_iPad = "UIInterfaceOrientationPortrait UIInterfaceOrientationPortraitUpsideDown UIInterfaceOrientationLandscapeLeft UIInterfaceOrientationLandscapeRight";
				INFOPLIST_KEY_UISupportedInterfaceOrientations_iPhone = "UIInterfaceOrientationPortrait UIInterfaceOrientationLandscapeLeft UIInterfaceOrientationLandscapeRight";
				IPHONEOS_DEPLOYMENT_TARGET = 17.0;
				LD_RUNPATH_SEARCH_PATHS = "@executable_path/Frameworks";
				"LD_RUNPATH_SEARCH_PATHS[sdk=macosx*]" = "@executable_path/../Frameworks";
				MACOSX_DEPLOYMENT_TARGET = 14.0;
				MARKETING_VERSION = 1.0;
				PRODUCT_BUNDLE_IDENTIFIER = com.devyeom.AppPackage;
				PRODUCT_NAME = "$(TARGET_NAME)";
				SDKROOT = auto;
				SUPPORTED_PLATFORMS = "appletvos appletvsimulator iphoneos iphonesimulator macosx";
				SUPPORTS_MACCATALYST = NO;
				SWIFT_EMIT_LOC_STRINGS = YES;
				SWIFT_VERSION = 5.0;
				TARGETED_DEVICE_FAMILY = "1,2,3";
				TVOS_DEPLOYMENT_TARGET = 17.0;
			};
			name = Release;
		};
		C3F0AC782B2EE3AA00D2165B /* Debug */ = {
			isa = XCBuildConfiguration;
			buildSettings = {
				ALWAYS_EMBED_SWIFT_STANDARD_LIBRARIES = YES;
				BUNDLE_LOADER = "$(TEST_HOST)";
				CODE_SIGN_STYLE = Automatic;
				CURRENT_PROJECT_VERSION = 1;
				DEVELOPMENT_TEAM = T42V7M748Y;
				GENERATE_INFOPLIST_FILE = YES;
				IPHONEOS_DEPLOYMENT_TARGET = 17.0;
				MACOSX_DEPLOYMENT_TARGET = 14.0;
				MARKETING_VERSION = 1.0;
				PRODUCT_BUNDLE_IDENTIFIER = com.devyeom.AppPackageTests;
				PRODUCT_NAME = "$(TARGET_NAME)";
				SDKROOT = auto;
				SUPPORTED_PLATFORMS = "appletvos appletvsimulator iphoneos iphonesimulator macosx watchos watchsimulator";
				SUPPORTS_MACCATALYST = NO;
				SWIFT_EMIT_LOC_STRINGS = NO;
				SWIFT_VERSION = 5.0;
				TARGETED_DEVICE_FAMILY = "1,2,3,4";
				TEST_HOST = "$(BUILT_PRODUCTS_DIR)/AppProject.app/$(BUNDLE_EXECUTABLE_FOLDER_PATH)/AppProject";
				TVOS_DEPLOYMENT_TARGET = 17.0;
				WATCHOS_DEPLOYMENT_TARGET = 10.0;
			};
			name = Debug;
		};
		C3F0AC792B2EE3AA00D2165B /* Release */ = {
			isa = XCBuildConfiguration;
			buildSettings = {
				ALWAYS_EMBED_SWIFT_STANDARD_LIBRARIES = YES;
				BUNDLE_LOADER = "$(TEST_HOST)";
				CODE_SIGN_STYLE = Automatic;
				CURRENT_PROJECT_VERSION = 1;
				DEVELOPMENT_TEAM = T42V7M748Y;
				GENERATE_INFOPLIST_FILE = YES;
				IPHONEOS_DEPLOYMENT_TARGET = 17.0;
				MACOSX_DEPLOYMENT_TARGET = 14.0;
				MARKETING_VERSION = 1.0;
				PRODUCT_BUNDLE_IDENTIFIER = com.devyeom.AppPackageTests;
				PRODUCT_NAME = "$(TARGET_NAME)";
				SDKROOT = auto;
				SUPPORTED_PLATFORMS = "appletvos appletvsimulator iphoneos iphonesimulator macosx watchos watchsimulator";
				SUPPORTS_MACCATALYST = NO;
				SWIFT_EMIT_LOC_STRINGS = NO;
				SWIFT_VERSION = 5.0;
				TARGETED_DEVICE_FAMILY = "1,2,3,4";
				TEST_HOST = "$(BUILT_PRODUCTS_DIR)/AppProject.app/$(BUNDLE_EXECUTABLE_FOLDER_PATH)/AppProject";
				TVOS_DEPLOYMENT_TARGET = 17.0;
				WATCHOS_DEPLOYMENT_TARGET = 10.0;
			};
			name = Release;
		};
		C3F0AC7B2B2EE3AA00D2165B /* Debug */ = {
			isa = XCBuildConfiguration;
			buildSettings = {
				ALWAYS_EMBED_SWIFT_STANDARD_LIBRARIES = YES;
				CODE_SIGN_STYLE = Automatic;
				CURRENT_PROJECT_VERSION = 1;
				DEVELOPMENT_TEAM = T42V7M748Y;
				GENERATE_INFOPLIST_FILE = YES;
				IPHONEOS_DEPLOYMENT_TARGET = 17.0;
				MACOSX_DEPLOYMENT_TARGET = 14.0;
				MARKETING_VERSION = 1.0;
				PRODUCT_BUNDLE_IDENTIFIER = com.devyeom.AppPackageUITests;
				PRODUCT_NAME = "$(TARGET_NAME)";
				SDKROOT = auto;
				SUPPORTED_PLATFORMS = "appletvos appletvsimulator iphoneos iphonesimulator macosx watchos watchsimulator";
				SUPPORTS_MACCATALYST = NO;
				SWIFT_EMIT_LOC_STRINGS = NO;
				SWIFT_VERSION = 5.0;
				TARGETED_DEVICE_FAMILY = "1,2,3,4";
				TEST_TARGET_NAME = AppPackage;
				TVOS_DEPLOYMENT_TARGET = 17.0;
				WATCHOS_DEPLOYMENT_TARGET = 10.0;
			};
			name = Debug;
		};
		C3F0AC7C2B2EE3AA00D2165B /* Release */ = {
			isa = XCBuildConfiguration;
			buildSettings = {
				ALWAYS_EMBED_SWIFT_STANDARD_LIBRARIES = YES;
				CODE_SIGN_STYLE = Automatic;
				CURRENT_PROJECT_VERSION = 1;
				DEVELOPMENT_TEAM = T42V7M748Y;
				GENERATE_INFOPLIST_FILE = YES;
				IPHONEOS_DEPLOYMENT_TARGET = 17.0;
				MACOSX_DEPLOYMENT_TARGET = 14.0;
				MARKETING_VERSION = 1.0;
				PRODUCT_BUNDLE_IDENTIFIER = com.devyeom.AppPackageUITests;
				PRODUCT_NAME = "$(TARGET_NAME)";
				SDKROOT = auto;
				SUPPORTED_PLATFORMS = "appletvos appletvsimulator iphoneos iphonesimulator macosx watchos watchsimulator";
				SUPPORTS_MACCATALYST = NO;
				SWIFT_EMIT_LOC_STRINGS = NO;
				SWIFT_VERSION = 5.0;
				TARGETED_DEVICE_FAMILY = "1,2,3,4";
				TEST_TARGET_NAME = AppPackage;
				TVOS_DEPLOYMENT_TARGET = 17.0;
				WATCHOS_DEPLOYMENT_TARGET = 10.0;
			};
			name = Release;
		};
/* End XCBuildConfiguration section */

/* Begin XCConfigurationList section */
		C3F0AC472B2EE3A900D2165B /* Build configuration list for PBXProject "AppProject" */ = {
			isa = XCConfigurationList;
			buildConfigurations = (
				C3F0AC722B2EE3AA00D2165B /* Debug */,
				C3F0AC732B2EE3AA00D2165B /* Release */,
			);
			defaultConfigurationIsVisible = 0;
			defaultConfigurationName = Release;
		};
		C3F0AC742B2EE3AA00D2165B /* Build configuration list for PBXNativeTarget "AppProject" */ = {
			isa = XCConfigurationList;
			buildConfigurations = (
				C3F0AC752B2EE3AA00D2165B /* Debug */,
				C3F0AC762B2EE3AA00D2165B /* Release */,
			);
			defaultConfigurationIsVisible = 0;
			defaultConfigurationName = Release;
		};
		C3F0AC772B2EE3AA00D2165B /* Build configuration list for PBXNativeTarget "AppTests" */ = {
			isa = XCConfigurationList;
			buildConfigurations = (
				C3F0AC782B2EE3AA00D2165B /* Debug */,
				C3F0AC792B2EE3AA00D2165B /* Release */,
			);
			defaultConfigurationIsVisible = 0;
			defaultConfigurationName = Release;
		};
		C3F0AC7A2B2EE3AA00D2165B /* Build configuration list for PBXNativeTarget "AppUITests" */ = {
			isa = XCConfigurationList;
			buildConfigurations = (
				C3F0AC7B2B2EE3AA00D2165B /* Debug */,
				C3F0AC7C2B2EE3AA00D2165B /* Release */,
			);
			defaultConfigurationIsVisible = 0;
			defaultConfigurationName = Release;
		};
/* End XCConfigurationList section */
	};
	rootObject = C3F0AC442B2EE3A900D2165B /* Project object */;
}
